// !$*UTF8*$!
{
	archiveVersion = 1;
	classes = {
	};
	objectVersion = 46;
	objects = {

/* Begin PBXBuildFile section */
		610F653A1BAD8A5F0083CC61 /* QntView.m in Sources */ = {isa = PBXBuildFile; fileRef = 610F65391BAD8A5F0083CC61 /* QntView.m */; settings = {ASSET_TAGS = (); }; };
		610F653C1BAD8B250083CC61 /* QntView.xib in Resources */ = {isa = PBXBuildFile; fileRef = 610F653B1BAD8B250083CC61 /* QntView.xib */; settings = {ASSET_TAGS = (); }; };
		611496891BAD8ECA00E4AF04 /* add.png in Resources */ = {isa = PBXBuildFile; fileRef = 611496871BAD8ECA00E4AF04 /* add.png */; settings = {ASSET_TAGS = (); }; };
		6114968A1BAD8ECA00E4AF04 /* minus.png in Resources */ = {isa = PBXBuildFile; fileRef = 611496881BAD8ECA00E4AF04 /* minus.png */; settings = {ASSET_TAGS = (); }; };
		6114968C1BAD9D5500E4AF04 /* ViewController.xib in Resources */ = {isa = PBXBuildFile; fileRef = 6114968B1BAD9D5500E4AF04 /* ViewController.xib */; settings = {ASSET_TAGS = (); }; };
		6114968F1BADA47500E4AF04 /* mNav.m in Sources */ = {isa = PBXBuildFile; fileRef = 6114968E1BADA47500E4AF04 /* mNav.m */; settings = {ASSET_TAGS = (); }; };
		611496A71BADA84A00E4AF04 /* KRKNN.m in Sources */ = {isa = PBXBuildFile; fileRef = 611496A61BADA84A00E4AF04 /* KRKNN.m */; settings = {ASSET_TAGS = (); }; };
		611496AB1BADA92400E4AF04 /* ParseAPI.m in Sources */ = {isa = PBXBuildFile; fileRef = 611496AA1BADA92400E4AF04 /* ParseAPI.m */; settings = {ASSET_TAGS = (); }; };
		611496B81BADB0BF00E4AF04 /* gear@2x.png in Resources */ = {isa = PBXBuildFile; fileRef = 611496B01BADB0BF00E4AF04 /* gear@2x.png */; settings = {ASSET_TAGS = (); }; };
		611496B91BADB0BF00E4AF04 /* globe.png in Resources */ = {isa = PBXBuildFile; fileRef = 611496B11BADB0BF00E4AF04 /* globe.png */; settings = {ASSET_TAGS = (); }; };
		611496BA1BADB0BF00E4AF04 /* globe@2x.png in Resources */ = {isa = PBXBuildFile; fileRef = 611496B21BADB0BF00E4AF04 /* globe@2x.png */; settings = {ASSET_TAGS = (); }; };
		611496BB1BADB0BF00E4AF04 /* profile.png in Resources */ = {isa = PBXBuildFile; fileRef = 611496B31BADB0BF00E4AF04 /* profile.png */; settings = {ASSET_TAGS = (); }; };
		611496BC1BADB0BF00E4AF04 /* profile@2x.png in Resources */ = {isa = PBXBuildFile; fileRef = 611496B41BADB0BF00E4AF04 /* profile@2x.png */; settings = {ASSET_TAGS = (); }; };
		611496BD1BADB0BF00E4AF04 /* star.png in Resources */ = {isa = PBXBuildFile; fileRef = 611496B51BADB0BF00E4AF04 /* star.png */; settings = {ASSET_TAGS = (); }; };
		611496BE1BADB0BF00E4AF04 /* star@2x.png in Resources */ = {isa = PBXBuildFile; fileRef = 611496B61BADB0BF00E4AF04 /* star@2x.png */; settings = {ASSET_TAGS = (); }; };
		611496C11BADB0F200E4AF04 /* RNFrostedSidebar.m in Sources */ = {isa = PBXBuildFile; fileRef = 611496C01BADB0F200E4AF04 /* RNFrostedSidebar.m */; settings = {ASSET_TAGS = (); }; };
		611496C41BADB1D600E4AF04 /* burger.png in Resources */ = {isa = PBXBuildFile; fileRef = 611496C21BADB1D600E4AF04 /* burger.png */; settings = {ASSET_TAGS = (); }; };
		611496C51BADB1D600E4AF04 /* burger@2x.png in Resources */ = {isa = PBXBuildFile; fileRef = 611496C31BADB1D600E4AF04 /* burger@2x.png */; settings = {ASSET_TAGS = (); }; };
		611496C91BADB28F00E4AF04 /* MBProgressHUD.m in Sources */ = {isa = PBXBuildFile; fileRef = 611496C81BADB28F00E4AF04 /* MBProgressHUD.m */; settings = {ASSET_TAGS = (); }; };
		611496CE1BAE479A00E4AF04 /* SellProductViewController.m in Sources */ = {isa = PBXBuildFile; fileRef = 611496CC1BAE479A00E4AF04 /* SellProductViewController.m */; settings = {ASSET_TAGS = (); }; };
		611496CF1BAE479A00E4AF04 /* SellProductViewController.xib in Resources */ = {isa = PBXBuildFile; fileRef = 611496CD1BAE479A00E4AF04 /* SellProductViewController.xib */; settings = {ASSET_TAGS = (); }; };
		61169D7D1BAE957600A3A6B0 /* IngredientsUploadTableViewCell.m in Sources */ = {isa = PBXBuildFile; fileRef = 61169D781BAE957600A3A6B0 /* IngredientsUploadTableViewCell.m */; settings = {ASSET_TAGS = (); }; };
		61169D7E1BAE957600A3A6B0 /* IngredientsUploadTableViewCell.xib in Resources */ = {isa = PBXBuildFile; fileRef = 61169D791BAE957600A3A6B0 /* IngredientsUploadTableViewCell.xib */; settings = {ASSET_TAGS = (); }; };
		61169D7F1BAE957600A3A6B0 /* IngredientsUploadTableViewController.m in Sources */ = {isa = PBXBuildFile; fileRef = 61169D7B1BAE957600A3A6B0 /* IngredientsUploadTableViewController.m */; settings = {ASSET_TAGS = (); }; };
		61169D801BAE957600A3A6B0 /* IngredientsUploadTableViewController.xib in Resources */ = {isa = PBXBuildFile; fileRef = 61169D7C1BAE957600A3A6B0 /* IngredientsUploadTableViewController.xib */; settings = {ASSET_TAGS = (); }; };
		61704DDB1BAD605A00617704 /* main.m in Sources */ = {isa = PBXBuildFile; fileRef = 61704DDA1BAD605A00617704 /* main.m */; };
		61704DDE1BAD605A00617704 /* AppDelegate.m in Sources */ = {isa = PBXBuildFile; fileRef = 61704DDD1BAD605A00617704 /* AppDelegate.m */; };
		61704DE11BAD605A00617704 /* ViewController.m in Sources */ = {isa = PBXBuildFile; fileRef = 61704DE01BAD605A00617704 /* ViewController.m */; };
		61704DE61BAD605A00617704 /* Assets.xcassets in Resources */ = {isa = PBXBuildFile; fileRef = 61704DE51BAD605A00617704 /* Assets.xcassets */; };
		61704E1D1BAD619400617704 /* 1.jpg in Resources */ = {isa = PBXBuildFile; fileRef = 61704E131BAD619400617704 /* 1.jpg */; settings = {ASSET_TAGS = (); }; };
		61704E201BAD619400617704 /* 2.jpg in Resources */ = {isa = PBXBuildFile; fileRef = 61704E141BAD619400617704 /* 2.jpg */; settings = {ASSET_TAGS = (); }; };
		61704E231BAD619400617704 /* 3.jpg in Resources */ = {isa = PBXBuildFile; fileRef = 61704E151BAD619400617704 /* 3.jpg */; settings = {ASSET_TAGS = (); }; };
		61704E261BAD619400617704 /* 4.jpg in Resources */ = {isa = PBXBuildFile; fileRef = 61704E161BAD619400617704 /* 4.jpg */; settings = {ASSET_TAGS = (); }; };
		61704E291BAD619400617704 /* 5.jpg in Resources */ = {isa = PBXBuildFile; fileRef = 61704E171BAD619400617704 /* 5.jpg */; settings = {ASSET_TAGS = (); }; };
		61704E2C1BAD619400617704 /* 6.jpg in Resources */ = {isa = PBXBuildFile; fileRef = 61704E181BAD619400617704 /* 6.jpg */; settings = {ASSET_TAGS = (); }; };
		61704E2F1BAD619400617704 /* 7.jpg in Resources */ = {isa = PBXBuildFile; fileRef = 61704E191BAD619400617704 /* 7.jpg */; settings = {ASSET_TAGS = (); }; };
		61704E321BAD619400617704 /* 8.jpg in Resources */ = {isa = PBXBuildFile; fileRef = 61704E1A1BAD619400617704 /* 8.jpg */; settings = {ASSET_TAGS = (); }; };
		61704E351BAD619400617704 /* 9.jpg in Resources */ = {isa = PBXBuildFile; fileRef = 61704E1B1BAD619400617704 /* 9.jpg */; settings = {ASSET_TAGS = (); }; };
		61704E381BAD619400617704 /* logo.png in Resources */ = {isa = PBXBuildFile; fileRef = 61704E1C1BAD619400617704 /* logo.png */; settings = {ASSET_TAGS = (); }; };
		61704E481BAD75F500617704 /* UUBar.m in Sources */ = {isa = PBXBuildFile; fileRef = 61704E3D1BAD75F500617704 /* UUBar.m */; settings = {ASSET_TAGS = (); }; };
		61704E491BAD75F500617704 /* UUBarChart.m in Sources */ = {isa = PBXBuildFile; fileRef = 61704E3F1BAD75F500617704 /* UUBarChart.m */; settings = {ASSET_TAGS = (); }; };
		61704E4A1BAD75F500617704 /* UUChart.m in Sources */ = {isa = PBXBuildFile; fileRef = 61704E411BAD75F500617704 /* UUChart.m */; settings = {ASSET_TAGS = (); }; };
		61704E4B1BAD75F500617704 /* UUChartLabel.m in Sources */ = {isa = PBXBuildFile; fileRef = 61704E431BAD75F500617704 /* UUChartLabel.m */; settings = {ASSET_TAGS = (); }; };
		61704E4C1BAD75F500617704 /* UUColor.m in Sources */ = {isa = PBXBuildFile; fileRef = 61704E451BAD75F500617704 /* UUColor.m */; settings = {ASSET_TAGS = (); }; };
		61704E4D1BAD75F500617704 /* UULineChart.m in Sources */ = {isa = PBXBuildFile; fileRef = 61704E471BAD75F500617704 /* UULineChart.m */; settings = {ASSET_TAGS = (); }; };
		61F84DC61BAE503100096733 /* ASWOrderCell.m in Sources */ = {isa = PBXBuildFile; fileRef = 61F84DB01BAE503100096733 /* ASWOrderCell.m */; settings = {ASSET_TAGS = (); }; };
		61F84DC71BAE503100096733 /* ASWOrderCell.xib in Resources */ = {isa = PBXBuildFile; fileRef = 61F84DB11BAE503100096733 /* ASWOrderCell.xib */; settings = {ASSET_TAGS = (); }; };
		61F84DC81BAE503100096733 /* ASWOrderDialogInputViewController.m in Sources */ = {isa = PBXBuildFile; fileRef = 61F84DB31BAE503100096733 /* ASWOrderDialogInputViewController.m */; settings = {ASSET_TAGS = (); }; };
		61F84DC91BAE503100096733 /* ASWOrderDialogInputViewController.xib in Resources */ = {isa = PBXBuildFile; fileRef = 61F84DB41BAE503100096733 /* ASWOrderDialogInputViewController.xib */; settings = {ASSET_TAGS = (); }; };
		61F84DCA1BAE503100096733 /* ASWOrderDraftSelectVC.m in Sources */ = {isa = PBXBuildFile; fileRef = 61F84DB61BAE503100096733 /* ASWOrderDraftSelectVC.m */; settings = {ASSET_TAGS = (); }; };
		61F84DCB1BAE503100096733 /* ASWOrderDraftSelectVC.xib in Resources */ = {isa = PBXBuildFile; fileRef = 61F84DB71BAE503100096733 /* ASWOrderDraftSelectVC.xib */; settings = {ASSET_TAGS = (); }; };
		61F84DCC1BAE503100096733 /* ASWOrderMagCell.m in Sources */ = {isa = PBXBuildFile; fileRef = 61F84DB91BAE503100096733 /* ASWOrderMagCell.m */; settings = {ASSET_TAGS = (); }; };
		61F84DCD1BAE503100096733 /* ASWOrderMagCell.xib in Resources */ = {isa = PBXBuildFile; fileRef = 61F84DBA1BAE503100096733 /* ASWOrderMagCell.xib */; settings = {ASSET_TAGS = (); }; };
		61F84DCE1BAE503100096733 /* ASWOrderMagVC.m in Sources */ = {isa = PBXBuildFile; fileRef = 61F84DBC1BAE503100096733 /* ASWOrderMagVC.m */; settings = {ASSET_TAGS = (); }; };
		61F84DCF1BAE503100096733 /* ASWOrderMagVC.xib in Resources */ = {isa = PBXBuildFile; fileRef = 61F84DBD1BAE503100096733 /* ASWOrderMagVC.xib */; settings = {ASSET_TAGS = (); }; };
		61F84DD01BAE503100096733 /* ASWOrderModel.m in Sources */ = {isa = PBXBuildFile; fileRef = 61F84DBF1BAE503100096733 /* ASWOrderModel.m */; settings = {ASSET_TAGS = (); }; };
		61F84DD11BAE503100096733 /* ASWOrderVC.m in Sources */ = {isa = PBXBuildFile; fileRef = 61F84DC11BAE503100096733 /* ASWOrderVC.m */; settings = {ASSET_TAGS = (); }; };
		61F84DD21BAE503100096733 /* ASWOrderVC.xib in Resources */ = {isa = PBXBuildFile; fileRef = 61F84DC21BAE503100096733 /* ASWOrderVC.xib */; settings = {ASSET_TAGS = (); }; };
		61F84DD31BAE503100096733 /* Order.jpg in Resources */ = {isa = PBXBuildFile; fileRef = 61F84DC31BAE503100096733 /* Order.jpg */; settings = {ASSET_TAGS = (); }; };
		61F84DD41BAE503100096733 /* Order2.jpg in Resources */ = {isa = PBXBuildFile; fileRef = 61F84DC41BAE503100096733 /* Order2.jpg */; settings = {ASSET_TAGS = (); }; };
		61F84DD51BAE503100096733 /* Order3.jpg in Resources */ = {isa = PBXBuildFile; fileRef = 61F84DC51BAE503100096733 /* Order3.jpg */; settings = {ASSET_TAGS = (); }; };
		61F84DD81BAE61FC00096733 /* Main.storyboard in Resources */ = {isa = PBXBuildFile; fileRef = 61F84DD71BAE61FC00096733 /* Main.storyboard */; settings = {ASSET_TAGS = (); }; };
		61F84E1A1BAE665E00096733 /* ViewControllerBase.m in Sources */ = {isa = PBXBuildFile; fileRef = 61F84E191BAE665E00096733 /* ViewControllerBase.m */; settings = {ASSET_TAGS = (); }; };
		61F84E1D1BAE7C7400096733 /* MLClass.m in Sources */ = {isa = PBXBuildFile; fileRef = 61F84E1C1BAE7C7400096733 /* MLClass.m */; settings = {ASSET_TAGS = (); }; };
		97F9EA688F924E00E284840B /* libPods.a in Frameworks */ = {isa = PBXBuildFile; fileRef = 673C5616CED4C1F9B61E0753 /* libPods.a */; };
		DB076D3E1BADA32400E5AD6F /* SJDataFixItemTableView.m in Sources */ = {isa = PBXBuildFile; fileRef = DB076D391BADA32400E5AD6F /* SJDataFixItemTableView.m */; settings = {ASSET_TAGS = (); }; };
		DB076D3F1BADA32400E5AD6F /* SJDataTableView.m in Sources */ = {isa = PBXBuildFile; fileRef = DB076D3B1BADA32400E5AD6F /* SJDataTableView.m */; settings = {ASSET_TAGS = (); }; };
		DB076D401BADA32400E5AD6F /* SJDataTableViewCell.m in Sources */ = {isa = PBXBuildFile; fileRef = DB076D3D1BADA32400E5AD6F /* SJDataTableViewCell.m */; settings = {ASSET_TAGS = (); }; };
		DB076D4A1BAE7ACA00E5AD6F /* UIImage+ImageEffects.m in Sources */ = {isa = PBXBuildFile; fileRef = DB076D491BAE7ACA00E5AD6F /* UIImage+ImageEffects.m */; settings = {ASSET_TAGS = (); }; };
		DB076D5B1BAE807300E5AD6F /* InventoryViewController.m in Sources */ = {isa = PBXBuildFile; fileRef = DB076D571BAE807300E5AD6F /* InventoryViewController.m */; settings = {ASSET_TAGS = (); }; };
		DB076D5C1BAE807300E5AD6F /* InventoryViewController.xib in Resources */ = {isa = PBXBuildFile; fileRef = DB076D581BAE807300E5AD6F /* InventoryViewController.xib */; settings = {ASSET_TAGS = (); }; };
		DB076D5D1BAE807300E5AD6F /* UIColor+Inventory.m in Sources */ = {isa = PBXBuildFile; fileRef = DB076D5A1BAE807300E5AD6F /* UIColor+Inventory.m */; settings = {ASSET_TAGS = (); }; };
		F969D9A71BAD903A00F8A532 /* PurchaseTableViewCell.m in Sources */ = {isa = PBXBuildFile; fileRef = F969D9A51BAD903A00F8A532 /* PurchaseTableViewCell.m */; settings = {ASSET_TAGS = (); }; };
		F969D9A81BAD903A00F8A532 /* PurchaseTableViewCell.xib in Resources */ = {isa = PBXBuildFile; fileRef = F969D9A61BAD903A00F8A532 /* PurchaseTableViewCell.xib */; settings = {ASSET_TAGS = (); }; };
		F969D9A91BADA89A00F8A532 /* PurchaseViewController.m in Sources */ = {isa = PBXBuildFile; fileRef = F99FC9BB1BAD7B4400A34994 /* PurchaseViewController.m */; settings = {ASSET_TAGS = (); }; };
		F969D9AD1BADAD7500F8A532 /* PurchaseDetailTableViewCell.m in Sources */ = {isa = PBXBuildFile; fileRef = F969D9AB1BADAD7500F8A532 /* PurchaseDetailTableViewCell.m */; settings = {ASSET_TAGS = (); }; };
		F969D9AE1BADAD7500F8A532 /* PurchaseDetailTableViewCell.xib in Resources */ = {isa = PBXBuildFile; fileRef = F969D9AC1BADAD7500F8A532 /* PurchaseDetailTableViewCell.xib */; settings = {ASSET_TAGS = (); }; };
		F969D9AF1BADEC1600F8A532 /* PurchaseDetailViewController.xib in Resources */ = {isa = PBXBuildFile; fileRef = F99FC9C11BAD7B7500A34994 /* PurchaseDetailViewController.xib */; settings = {ASSET_TAGS = (); }; };
		F969D9BA1BAE5FFD00F8A532 /* BLEDevice.m in Sources */ = {isa = PBXBuildFile; fileRef = F969D9B31BAE5FFD00F8A532 /* BLEDevice.m */; settings = {ASSET_TAGS = (); }; };
		F969D9BB1BAE5FFD00F8A532 /* BLEUtility.m in Sources */ = {isa = PBXBuildFile; fileRef = F969D9B51BAE5FFD00F8A532 /* BLEUtility.m */; settings = {ASSET_TAGS = (); }; };
		F969D9BC1BAE5FFD00F8A532 /* DFBlunoDevice.m in Sources */ = {isa = PBXBuildFile; fileRef = F969D9B71BAE5FFD00F8A532 /* DFBlunoDevice.m */; settings = {ASSET_TAGS = (); }; };
		F969D9BD1BAE5FFD00F8A532 /* DFBlunoManager.m in Sources */ = {isa = PBXBuildFile; fileRef = F969D9B91BAE5FFD00F8A532 /* DFBlunoManager.m */; settings = {ASSET_TAGS = (); }; };
		F99FC9BE1BAD7B4400A34994 /* PurchaseViewController.xib in Resources */ = {isa = PBXBuildFile; fileRef = F99FC9BC1BAD7B4400A34994 /* PurchaseViewController.xib */; settings = {ASSET_TAGS = (); }; };
		F99FC9C21BAD7B7500A34994 /* PurchaseDetailViewController.m in Sources */ = {isa = PBXBuildFile; fileRef = F99FC9C01BAD7B7500A34994 /* PurchaseDetailViewController.m */; settings = {ASSET_TAGS = (); }; };
/* End PBXBuildFile section */

/* Begin PBXFileReference section */
		610F65381BAD8A5F0083CC61 /* QntView.h */ = {isa = PBXFileReference; fileEncoding = 4; lastKnownFileType = sourcecode.c.h; path = QntView.h; sourceTree = "<group>"; };
		610F65391BAD8A5F0083CC61 /* QntView.m */ = {isa = PBXFileReference; fileEncoding = 4; lastKnownFileType = sourcecode.c.objc; path = QntView.m; sourceTree = "<group>"; };
		610F653B1BAD8B250083CC61 /* QntView.xib */ = {isa = PBXFileReference; fileEncoding = 4; lastKnownFileType = file.xib; path = QntView.xib; sourceTree = "<group>"; };
		611496871BAD8ECA00E4AF04 /* add.png */ = {isa = PBXFileReference; lastKnownFileType = image.png; path = add.png; sourceTree = "<group>"; };
		611496881BAD8ECA00E4AF04 /* minus.png */ = {isa = PBXFileReference; lastKnownFileType = image.png; path = minus.png; sourceTree = "<group>"; };
		6114968B1BAD9D5500E4AF04 /* ViewController.xib */ = {isa = PBXFileReference; fileEncoding = 4; lastKnownFileType = file.xib; name = ViewController.xib; path = ../ViewController.xib; sourceTree = "<group>"; };
		6114968D1BADA47500E4AF04 /* mNav.h */ = {isa = PBXFileReference; fileEncoding = 4; lastKnownFileType = sourcecode.c.h; path = mNav.h; sourceTree = "<group>"; };
		6114968E1BADA47500E4AF04 /* mNav.m */ = {isa = PBXFileReference; fileEncoding = 4; lastKnownFileType = sourcecode.c.objc; path = mNav.m; sourceTree = "<group>"; };
		611496A41BADA84A00E4AF04 /* KRKNN+Definitions.h */ = {isa = PBXFileReference; fileEncoding = 4; lastKnownFileType = sourcecode.c.h; path = "KRKNN+Definitions.h"; sourceTree = "<group>"; };
		611496A51BADA84A00E4AF04 /* KRKNN.h */ = {isa = PBXFileReference; fileEncoding = 4; lastKnownFileType = sourcecode.c.h; path = KRKNN.h; sourceTree = "<group>"; };
		611496A61BADA84A00E4AF04 /* KRKNN.m */ = {isa = PBXFileReference; fileEncoding = 4; lastKnownFileType = sourcecode.c.objc; path = KRKNN.m; sourceTree = "<group>"; };
		611496A91BADA92400E4AF04 /* ParseAPI.h */ = {isa = PBXFileReference; fileEncoding = 4; lastKnownFileType = sourcecode.c.h; path = ParseAPI.h; sourceTree = "<group>"; };
		611496AA1BADA92400E4AF04 /* ParseAPI.m */ = {isa = PBXFileReference; fileEncoding = 4; lastKnownFileType = sourcecode.c.objc; path = ParseAPI.m; sourceTree = "<group>"; };
		611496AF1BADB0BF00E4AF04 /* gear.png */ = {isa = PBXFileReference; lastKnownFileType = image.png; path = gear.png; sourceTree = "<group>"; };
		611496B01BADB0BF00E4AF04 /* gear@2x.png */ = {isa = PBXFileReference; lastKnownFileType = image.png; path = "gear@2x.png"; sourceTree = "<group>"; };
		611496B11BADB0BF00E4AF04 /* globe.png */ = {isa = PBXFileReference; lastKnownFileType = image.png; path = globe.png; sourceTree = "<group>"; };
		611496B21BADB0BF00E4AF04 /* globe@2x.png */ = {isa = PBXFileReference; lastKnownFileType = image.png; path = "globe@2x.png"; sourceTree = "<group>"; };
		611496B31BADB0BF00E4AF04 /* profile.png */ = {isa = PBXFileReference; lastKnownFileType = image.png; path = profile.png; sourceTree = "<group>"; };
		611496B41BADB0BF00E4AF04 /* profile@2x.png */ = {isa = PBXFileReference; lastKnownFileType = image.png; path = "profile@2x.png"; sourceTree = "<group>"; };
		611496B51BADB0BF00E4AF04 /* star.png */ = {isa = PBXFileReference; lastKnownFileType = image.png; path = star.png; sourceTree = "<group>"; };
		611496B61BADB0BF00E4AF04 /* star@2x.png */ = {isa = PBXFileReference; lastKnownFileType = image.png; path = "star@2x.png"; sourceTree = "<group>"; };
		611496BF1BADB0F200E4AF04 /* RNFrostedSidebar.h */ = {isa = PBXFileReference; fileEncoding = 4; lastKnownFileType = sourcecode.c.h; path = RNFrostedSidebar.h; sourceTree = "<group>"; };
		611496C01BADB0F200E4AF04 /* RNFrostedSidebar.m */ = {isa = PBXFileReference; fileEncoding = 4; lastKnownFileType = sourcecode.c.objc; path = RNFrostedSidebar.m; sourceTree = "<group>"; };
		611496C21BADB1D600E4AF04 /* burger.png */ = {isa = PBXFileReference; lastKnownFileType = image.png; path = burger.png; sourceTree = "<group>"; };
		611496C31BADB1D600E4AF04 /* burger@2x.png */ = {isa = PBXFileReference; lastKnownFileType = image.png; path = "burger@2x.png"; sourceTree = "<group>"; };
		611496C71BADB28F00E4AF04 /* MBProgressHUD.h */ = {isa = PBXFileReference; fileEncoding = 4; lastKnownFileType = sourcecode.c.h; path = MBProgressHUD.h; sourceTree = "<group>"; };
		611496C81BADB28F00E4AF04 /* MBProgressHUD.m */ = {isa = PBXFileReference; fileEncoding = 4; lastKnownFileType = sourcecode.c.objc; path = MBProgressHUD.m; sourceTree = "<group>"; };
		611496CB1BAE479A00E4AF04 /* SellProductViewController.h */ = {isa = PBXFileReference; fileEncoding = 4; lastKnownFileType = sourcecode.c.h; path = SellProductViewController.h; sourceTree = "<group>"; };
		611496CC1BAE479A00E4AF04 /* SellProductViewController.m */ = {isa = PBXFileReference; fileEncoding = 4; lastKnownFileType = sourcecode.c.objc; path = SellProductViewController.m; sourceTree = "<group>"; };
		611496CD1BAE479A00E4AF04 /* SellProductViewController.xib */ = {isa = PBXFileReference; fileEncoding = 4; lastKnownFileType = file.xib; path = SellProductViewController.xib; sourceTree = "<group>"; };
		61169D771BAE957600A3A6B0 /* IngredientsUploadTableViewCell.h */ = {isa = PBXFileReference; fileEncoding = 4; lastKnownFileType = sourcecode.c.h; path = IngredientsUploadTableViewCell.h; sourceTree = "<group>"; };
		61169D781BAE957600A3A6B0 /* IngredientsUploadTableViewCell.m */ = {isa = PBXFileReference; fileEncoding = 4; lastKnownFileType = sourcecode.c.objc; path = IngredientsUploadTableViewCell.m; sourceTree = "<group>"; };
		61169D791BAE957600A3A6B0 /* IngredientsUploadTableViewCell.xib */ = {isa = PBXFileReference; fileEncoding = 4; lastKnownFileType = file.xib; path = IngredientsUploadTableViewCell.xib; sourceTree = "<group>"; };
		61169D7A1BAE957600A3A6B0 /* IngredientsUploadTableViewController.h */ = {isa = PBXFileReference; fileEncoding = 4; lastKnownFileType = sourcecode.c.h; path = IngredientsUploadTableViewController.h; sourceTree = "<group>"; };
		61169D7B1BAE957600A3A6B0 /* IngredientsUploadTableViewController.m */ = {isa = PBXFileReference; fileEncoding = 4; lastKnownFileType = sourcecode.c.objc; path = IngredientsUploadTableViewController.m; sourceTree = "<group>"; };
		61169D7C1BAE957600A3A6B0 /* IngredientsUploadTableViewController.xib */ = {isa = PBXFileReference; fileEncoding = 4; lastKnownFileType = file.xib; path = IngredientsUploadTableViewController.xib; sourceTree = "<group>"; };
		61704DD61BAD605A00617704 /* iOS-Tech-Challenge.app */ = {isa = PBXFileReference; explicitFileType = wrapper.application; includeInIndex = 0; path = "iOS-Tech-Challenge.app"; sourceTree = BUILT_PRODUCTS_DIR; };
		61704DDA1BAD605A00617704 /* main.m */ = {isa = PBXFileReference; lastKnownFileType = sourcecode.c.objc; path = main.m; sourceTree = "<group>"; };
		61704DDC1BAD605A00617704 /* AppDelegate.h */ = {isa = PBXFileReference; lastKnownFileType = sourcecode.c.h; path = AppDelegate.h; sourceTree = "<group>"; };
		61704DDD1BAD605A00617704 /* AppDelegate.m */ = {isa = PBXFileReference; lastKnownFileType = sourcecode.c.objc; path = AppDelegate.m; sourceTree = "<group>"; };
		61704DDF1BAD605A00617704 /* ViewController.h */ = {isa = PBXFileReference; lastKnownFileType = sourcecode.c.h; path = ViewController.h; sourceTree = "<group>"; };
		61704DE01BAD605A00617704 /* ViewController.m */ = {isa = PBXFileReference; lastKnownFileType = sourcecode.c.objc; path = ViewController.m; sourceTree = "<group>"; };
		61704DE51BAD605A00617704 /* Assets.xcassets */ = {isa = PBXFileReference; lastKnownFileType = folder.assetcatalog; path = Assets.xcassets; sourceTree = "<group>"; };
		61704DEA1BAD605A00617704 /* Info.plist */ = {isa = PBXFileReference; lastKnownFileType = text.plist.xml; path = Info.plist; sourceTree = "<group>"; };
		61704DF31BAD605A00617704 /* iOS_Tech_ChallengeTests.m */ = {isa = PBXFileReference; lastKnownFileType = sourcecode.c.objc; path = iOS_Tech_ChallengeTests.m; sourceTree = "<group>"; };
		61704DF51BAD605A00617704 /* Info.plist */ = {isa = PBXFileReference; lastKnownFileType = text.plist.xml; path = Info.plist; sourceTree = "<group>"; };
		61704DFE1BAD605A00617704 /* iOS_Tech_ChallengeUITests.m */ = {isa = PBXFileReference; lastKnownFileType = sourcecode.c.objc; path = iOS_Tech_ChallengeUITests.m; sourceTree = "<group>"; };
		61704E001BAD605A00617704 /* Info.plist */ = {isa = PBXFileReference; lastKnownFileType = text.plist.xml; path = Info.plist; sourceTree = "<group>"; };
		61704E131BAD619400617704 /* 1.jpg */ = {isa = PBXFileReference; lastKnownFileType = image.jpeg; path = 1.jpg; sourceTree = "<group>"; };
		61704E141BAD619400617704 /* 2.jpg */ = {isa = PBXFileReference; lastKnownFileType = image.jpeg; path = 2.jpg; sourceTree = "<group>"; };
		61704E151BAD619400617704 /* 3.jpg */ = {isa = PBXFileReference; lastKnownFileType = image.jpeg; path = 3.jpg; sourceTree = "<group>"; };
		61704E161BAD619400617704 /* 4.jpg */ = {isa = PBXFileReference; lastKnownFileType = image.jpeg; path = 4.jpg; sourceTree = "<group>"; };
		61704E171BAD619400617704 /* 5.jpg */ = {isa = PBXFileReference; lastKnownFileType = image.jpeg; path = 5.jpg; sourceTree = "<group>"; };
		61704E181BAD619400617704 /* 6.jpg */ = {isa = PBXFileReference; lastKnownFileType = image.jpeg; path = 6.jpg; sourceTree = "<group>"; };
		61704E191BAD619400617704 /* 7.jpg */ = {isa = PBXFileReference; lastKnownFileType = image.jpeg; path = 7.jpg; sourceTree = "<group>"; };
		61704E1A1BAD619400617704 /* 8.jpg */ = {isa = PBXFileReference; lastKnownFileType = image.jpeg; path = 8.jpg; sourceTree = "<group>"; };
		61704E1B1BAD619400617704 /* 9.jpg */ = {isa = PBXFileReference; lastKnownFileType = image.jpeg; path = 9.jpg; sourceTree = "<group>"; };
		61704E1C1BAD619400617704 /* logo.png */ = {isa = PBXFileReference; lastKnownFileType = image.png; path = logo.png; sourceTree = "<group>"; };
		61704E3C1BAD75F500617704 /* UUBar.h */ = {isa = PBXFileReference; fileEncoding = 4; lastKnownFileType = sourcecode.c.h; path = UUBar.h; sourceTree = "<group>"; };
		61704E3D1BAD75F500617704 /* UUBar.m */ = {isa = PBXFileReference; fileEncoding = 4; lastKnownFileType = sourcecode.c.objc; path = UUBar.m; sourceTree = "<group>"; };
		61704E3E1BAD75F500617704 /* UUBarChart.h */ = {isa = PBXFileReference; fileEncoding = 4; lastKnownFileType = sourcecode.c.h; path = UUBarChart.h; sourceTree = "<group>"; };
		61704E3F1BAD75F500617704 /* UUBarChart.m */ = {isa = PBXFileReference; fileEncoding = 4; lastKnownFileType = sourcecode.c.objc; path = UUBarChart.m; sourceTree = "<group>"; };
		61704E401BAD75F500617704 /* UUChart.h */ = {isa = PBXFileReference; fileEncoding = 4; lastKnownFileType = sourcecode.c.h; path = UUChart.h; sourceTree = "<group>"; };
		61704E411BAD75F500617704 /* UUChart.m */ = {isa = PBXFileReference; fileEncoding = 4; lastKnownFileType = sourcecode.c.objc; path = UUChart.m; sourceTree = "<group>"; };
		61704E421BAD75F500617704 /* UUChartLabel.h */ = {isa = PBXFileReference; fileEncoding = 4; lastKnownFileType = sourcecode.c.h; path = UUChartLabel.h; sourceTree = "<group>"; };
		61704E431BAD75F500617704 /* UUChartLabel.m */ = {isa = PBXFileReference; fileEncoding = 4; lastKnownFileType = sourcecode.c.objc; path = UUChartLabel.m; sourceTree = "<group>"; };
		61704E441BAD75F500617704 /* UUColor.h */ = {isa = PBXFileReference; fileEncoding = 4; lastKnownFileType = sourcecode.c.h; path = UUColor.h; sourceTree = "<group>"; };
		61704E451BAD75F500617704 /* UUColor.m */ = {isa = PBXFileReference; fileEncoding = 4; lastKnownFileType = sourcecode.c.objc; path = UUColor.m; sourceTree = "<group>"; };
		61704E461BAD75F500617704 /* UULineChart.h */ = {isa = PBXFileReference; fileEncoding = 4; lastKnownFileType = sourcecode.c.h; path = UULineChart.h; sourceTree = "<group>"; };
		61704E471BAD75F500617704 /* UULineChart.m */ = {isa = PBXFileReference; fileEncoding = 4; lastKnownFileType = sourcecode.c.objc; path = UULineChart.m; sourceTree = "<group>"; };
		61F84DAF1BAE503100096733 /* ASWOrderCell.h */ = {isa = PBXFileReference; fileEncoding = 4; lastKnownFileType = sourcecode.c.h; path = ASWOrderCell.h; sourceTree = "<group>"; };
		61F84DB01BAE503100096733 /* ASWOrderCell.m */ = {isa = PBXFileReference; fileEncoding = 4; lastKnownFileType = sourcecode.c.objc; path = ASWOrderCell.m; sourceTree = "<group>"; };
		61F84DB11BAE503100096733 /* ASWOrderCell.xib */ = {isa = PBXFileReference; fileEncoding = 4; lastKnownFileType = file.xib; path = ASWOrderCell.xib; sourceTree = "<group>"; };
		61F84DB21BAE503100096733 /* ASWOrderDialogInputViewController.h */ = {isa = PBXFileReference; fileEncoding = 4; lastKnownFileType = sourcecode.c.h; path = ASWOrderDialogInputViewController.h; sourceTree = "<group>"; };
		61F84DB31BAE503100096733 /* ASWOrderDialogInputViewController.m */ = {isa = PBXFileReference; fileEncoding = 4; lastKnownFileType = sourcecode.c.objc; path = ASWOrderDialogInputViewController.m; sourceTree = "<group>"; };
		61F84DB41BAE503100096733 /* ASWOrderDialogInputViewController.xib */ = {isa = PBXFileReference; fileEncoding = 4; lastKnownFileType = file.xib; path = ASWOrderDialogInputViewController.xib; sourceTree = "<group>"; };
		61F84DB51BAE503100096733 /* ASWOrderDraftSelectVC.h */ = {isa = PBXFileReference; fileEncoding = 4; lastKnownFileType = sourcecode.c.h; path = ASWOrderDraftSelectVC.h; sourceTree = "<group>"; };
		61F84DB61BAE503100096733 /* ASWOrderDraftSelectVC.m */ = {isa = PBXFileReference; fileEncoding = 4; lastKnownFileType = sourcecode.c.objc; path = ASWOrderDraftSelectVC.m; sourceTree = "<group>"; };
		61F84DB71BAE503100096733 /* ASWOrderDraftSelectVC.xib */ = {isa = PBXFileReference; fileEncoding = 4; lastKnownFileType = file.xib; path = ASWOrderDraftSelectVC.xib; sourceTree = "<group>"; };
		61F84DB81BAE503100096733 /* ASWOrderMagCell.h */ = {isa = PBXFileReference; fileEncoding = 4; lastKnownFileType = sourcecode.c.h; path = ASWOrderMagCell.h; sourceTree = "<group>"; };
		61F84DB91BAE503100096733 /* ASWOrderMagCell.m */ = {isa = PBXFileReference; fileEncoding = 4; lastKnownFileType = sourcecode.c.objc; path = ASWOrderMagCell.m; sourceTree = "<group>"; };
		61F84DBA1BAE503100096733 /* ASWOrderMagCell.xib */ = {isa = PBXFileReference; fileEncoding = 4; lastKnownFileType = file.xib; path = ASWOrderMagCell.xib; sourceTree = "<group>"; };
		61F84DBB1BAE503100096733 /* ASWOrderMagVC.h */ = {isa = PBXFileReference; fileEncoding = 4; lastKnownFileType = sourcecode.c.h; path = ASWOrderMagVC.h; sourceTree = "<group>"; };
		61F84DBC1BAE503100096733 /* ASWOrderMagVC.m */ = {isa = PBXFileReference; fileEncoding = 4; lastKnownFileType = sourcecode.c.objc; path = ASWOrderMagVC.m; sourceTree = "<group>"; };
		61F84DBD1BAE503100096733 /* ASWOrderMagVC.xib */ = {isa = PBXFileReference; fileEncoding = 4; lastKnownFileType = file.xib; path = ASWOrderMagVC.xib; sourceTree = "<group>"; };
		61F84DBE1BAE503100096733 /* ASWOrderModel.h */ = {isa = PBXFileReference; fileEncoding = 4; lastKnownFileType = sourcecode.c.h; path = ASWOrderModel.h; sourceTree = "<group>"; };
		61F84DBF1BAE503100096733 /* ASWOrderModel.m */ = {isa = PBXFileReference; fileEncoding = 4; lastKnownFileType = sourcecode.c.objc; path = ASWOrderModel.m; sourceTree = "<group>"; };
		61F84DC01BAE503100096733 /* ASWOrderVC.h */ = {isa = PBXFileReference; fileEncoding = 4; lastKnownFileType = sourcecode.c.h; path = ASWOrderVC.h; sourceTree = "<group>"; };
		61F84DC11BAE503100096733 /* ASWOrderVC.m */ = {isa = PBXFileReference; fileEncoding = 4; lastKnownFileType = sourcecode.c.objc; path = ASWOrderVC.m; sourceTree = "<group>"; };
		61F84DC21BAE503100096733 /* ASWOrderVC.xib */ = {isa = PBXFileReference; fileEncoding = 4; lastKnownFileType = file.xib; path = ASWOrderVC.xib; sourceTree = "<group>"; };
		61F84DC31BAE503100096733 /* Order.jpg */ = {isa = PBXFileReference; lastKnownFileType = image.jpeg; path = Order.jpg; sourceTree = "<group>"; };
		61F84DC41BAE503100096733 /* Order2.jpg */ = {isa = PBXFileReference; lastKnownFileType = image.jpeg; path = Order2.jpg; sourceTree = "<group>"; };
		61F84DC51BAE503100096733 /* Order3.jpg */ = {isa = PBXFileReference; lastKnownFileType = image.jpeg; path = Order3.jpg; sourceTree = "<group>"; };
		61F84DD71BAE61FC00096733 /* Main.storyboard */ = {isa = PBXFileReference; fileEncoding = 4; lastKnownFileType = file.storyboard; path = Main.storyboard; sourceTree = "<group>"; };
		61F84E181BAE665E00096733 /* ViewControllerBase.h */ = {isa = PBXFileReference; fileEncoding = 4; lastKnownFileType = sourcecode.c.h; path = ViewControllerBase.h; sourceTree = "<group>"; };
		61F84E191BAE665E00096733 /* ViewControllerBase.m */ = {isa = PBXFileReference; fileEncoding = 4; lastKnownFileType = sourcecode.c.objc; path = ViewControllerBase.m; sourceTree = "<group>"; };
		61F84E1B1BAE7C7400096733 /* MLClass.h */ = {isa = PBXFileReference; fileEncoding = 4; lastKnownFileType = sourcecode.c.h; path = MLClass.h; sourceTree = "<group>"; };
		61F84E1C1BAE7C7400096733 /* MLClass.m */ = {isa = PBXFileReference; fileEncoding = 4; lastKnownFileType = sourcecode.c.objc; path = MLClass.m; sourceTree = "<group>"; };
		673C5616CED4C1F9B61E0753 /* libPods.a */ = {isa = PBXFileReference; explicitFileType = archive.ar; includeInIndex = 0; path = libPods.a; sourceTree = BUILT_PRODUCTS_DIR; };
		B603D15988D12116523EF210 /* Pods.release.xcconfig */ = {isa = PBXFileReference; includeInIndex = 1; lastKnownFileType = text.xcconfig; name = Pods.release.xcconfig; path = "Pods/Target Support Files/Pods/Pods.release.xcconfig"; sourceTree = "<group>"; };
		D2D0FB9F3FA752C7E234A5E8 /* Pods.debug.xcconfig */ = {isa = PBXFileReference; includeInIndex = 1; lastKnownFileType = text.xcconfig; name = Pods.debug.xcconfig; path = "Pods/Target Support Files/Pods/Pods.debug.xcconfig"; sourceTree = "<group>"; };
		DB076D381BADA32400E5AD6F /* SJDataFixItemTableView.h */ = {isa = PBXFileReference; fileEncoding = 4; lastKnownFileType = sourcecode.c.h; path = SJDataFixItemTableView.h; sourceTree = "<group>"; };
		DB076D391BADA32400E5AD6F /* SJDataFixItemTableView.m */ = {isa = PBXFileReference; fileEncoding = 4; lastKnownFileType = sourcecode.c.objc; path = SJDataFixItemTableView.m; sourceTree = "<group>"; };
		DB076D3A1BADA32400E5AD6F /* SJDataTableView.h */ = {isa = PBXFileReference; fileEncoding = 4; lastKnownFileType = sourcecode.c.h; path = SJDataTableView.h; sourceTree = "<group>"; };
		DB076D3B1BADA32400E5AD6F /* SJDataTableView.m */ = {isa = PBXFileReference; fileEncoding = 4; lastKnownFileType = sourcecode.c.objc; path = SJDataTableView.m; sourceTree = "<group>"; };
		DB076D3C1BADA32400E5AD6F /* SJDataTableViewCell.h */ = {isa = PBXFileReference; fileEncoding = 4; lastKnownFileType = sourcecode.c.h; path = SJDataTableViewCell.h; sourceTree = "<group>"; };
		DB076D3D1BADA32400E5AD6F /* SJDataTableViewCell.m */ = {isa = PBXFileReference; fileEncoding = 4; lastKnownFileType = sourcecode.c.objc; path = SJDataTableViewCell.m; sourceTree = "<group>"; };
		DB076D441BADA93500E5AD6F /* Constants.h */ = {isa = PBXFileReference; lastKnownFileType = sourcecode.c.h; path = Constants.h; sourceTree = "<group>"; };
		DB076D481BAE7ACA00E5AD6F /* UIImage+ImageEffects.h */ = {isa = PBXFileReference; fileEncoding = 4; lastKnownFileType = sourcecode.c.h; path = "UIImage+ImageEffects.h"; sourceTree = "<group>"; };
		DB076D491BAE7ACA00E5AD6F /* UIImage+ImageEffects.m */ = {isa = PBXFileReference; fileEncoding = 4; lastKnownFileType = sourcecode.c.objc; path = "UIImage+ImageEffects.m"; sourceTree = "<group>"; };
		DB076D561BAE807300E5AD6F /* InventoryViewController.h */ = {isa = PBXFileReference; fileEncoding = 4; lastKnownFileType = sourcecode.c.h; path = InventoryViewController.h; sourceTree = "<group>"; };
		DB076D571BAE807300E5AD6F /* InventoryViewController.m */ = {isa = PBXFileReference; fileEncoding = 4; lastKnownFileType = sourcecode.c.objc; path = InventoryViewController.m; sourceTree = "<group>"; };
		DB076D581BAE807300E5AD6F /* InventoryViewController.xib */ = {isa = PBXFileReference; fileEncoding = 4; lastKnownFileType = file.xib; path = InventoryViewController.xib; sourceTree = "<group>"; };
		DB076D591BAE807300E5AD6F /* UIColor+Inventory.h */ = {isa = PBXFileReference; fileEncoding = 4; lastKnownFileType = sourcecode.c.h; path = "UIColor+Inventory.h"; sourceTree = "<group>"; };
		DB076D5A1BAE807300E5AD6F /* UIColor+Inventory.m */ = {isa = PBXFileReference; fileEncoding = 4; lastKnownFileType = sourcecode.c.objc; path = "UIColor+Inventory.m"; sourceTree = "<group>"; };
		F969D9A41BAD903A00F8A532 /* PurchaseTableViewCell.h */ = {isa = PBXFileReference; fileEncoding = 4; lastKnownFileType = sourcecode.c.h; path = PurchaseTableViewCell.h; sourceTree = "<group>"; };
		F969D9A51BAD903A00F8A532 /* PurchaseTableViewCell.m */ = {isa = PBXFileReference; fileEncoding = 4; lastKnownFileType = sourcecode.c.objc; path = PurchaseTableViewCell.m; sourceTree = "<group>"; };
		F969D9A61BAD903A00F8A532 /* PurchaseTableViewCell.xib */ = {isa = PBXFileReference; fileEncoding = 4; lastKnownFileType = file.xib; path = PurchaseTableViewCell.xib; sourceTree = "<group>"; };
		F969D9AA1BADAD7500F8A532 /* PurchaseDetailTableViewCell.h */ = {isa = PBXFileReference; fileEncoding = 4; lastKnownFileType = sourcecode.c.h; path = PurchaseDetailTableViewCell.h; sourceTree = "<group>"; };
		F969D9AB1BADAD7500F8A532 /* PurchaseDetailTableViewCell.m */ = {isa = PBXFileReference; fileEncoding = 4; lastKnownFileType = sourcecode.c.objc; path = PurchaseDetailTableViewCell.m; sourceTree = "<group>"; };
		F969D9AC1BADAD7500F8A532 /* PurchaseDetailTableViewCell.xib */ = {isa = PBXFileReference; fileEncoding = 4; lastKnownFileType = file.xib; path = PurchaseDetailTableViewCell.xib; sourceTree = "<group>"; };
		F969D9B21BAE5FFD00F8A532 /* BLEDevice.h */ = {isa = PBXFileReference; fileEncoding = 4; lastKnownFileType = sourcecode.c.h; path = BLEDevice.h; sourceTree = "<group>"; };
		F969D9B31BAE5FFD00F8A532 /* BLEDevice.m */ = {isa = PBXFileReference; fileEncoding = 4; lastKnownFileType = sourcecode.c.objc; path = BLEDevice.m; sourceTree = "<group>"; };
		F969D9B41BAE5FFD00F8A532 /* BLEUtility.h */ = {isa = PBXFileReference; fileEncoding = 4; lastKnownFileType = sourcecode.c.h; path = BLEUtility.h; sourceTree = "<group>"; };
		F969D9B51BAE5FFD00F8A532 /* BLEUtility.m */ = {isa = PBXFileReference; fileEncoding = 4; lastKnownFileType = sourcecode.c.objc; path = BLEUtility.m; sourceTree = "<group>"; };
		F969D9B61BAE5FFD00F8A532 /* DFBlunoDevice.h */ = {isa = PBXFileReference; fileEncoding = 4; lastKnownFileType = sourcecode.c.h; path = DFBlunoDevice.h; sourceTree = "<group>"; };
		F969D9B71BAE5FFD00F8A532 /* DFBlunoDevice.m */ = {isa = PBXFileReference; fileEncoding = 4; lastKnownFileType = sourcecode.c.objc; path = DFBlunoDevice.m; sourceTree = "<group>"; };
		F969D9B81BAE5FFD00F8A532 /* DFBlunoManager.h */ = {isa = PBXFileReference; fileEncoding = 4; lastKnownFileType = sourcecode.c.h; path = DFBlunoManager.h; sourceTree = "<group>"; };
		F969D9B91BAE5FFD00F8A532 /* DFBlunoManager.m */ = {isa = PBXFileReference; fileEncoding = 4; lastKnownFileType = sourcecode.c.objc; path = DFBlunoManager.m; sourceTree = "<group>"; };
		F99FC9BA1BAD7B4400A34994 /* PurchaseViewController.h */ = {isa = PBXFileReference; fileEncoding = 4; lastKnownFileType = sourcecode.c.h; path = PurchaseViewController.h; sourceTree = "<group>"; };
		F99FC9BB1BAD7B4400A34994 /* PurchaseViewController.m */ = {isa = PBXFileReference; fileEncoding = 4; lastKnownFileType = sourcecode.c.objc; path = PurchaseViewController.m; sourceTree = "<group>"; };
		F99FC9BC1BAD7B4400A34994 /* PurchaseViewController.xib */ = {isa = PBXFileReference; fileEncoding = 4; lastKnownFileType = file.xib; path = PurchaseViewController.xib; sourceTree = "<group>"; };
		F99FC9BF1BAD7B7500A34994 /* PurchaseDetailViewController.h */ = {isa = PBXFileReference; fileEncoding = 4; lastKnownFileType = sourcecode.c.h; path = PurchaseDetailViewController.h; sourceTree = "<group>"; };
		F99FC9C01BAD7B7500A34994 /* PurchaseDetailViewController.m */ = {isa = PBXFileReference; fileEncoding = 4; lastKnownFileType = sourcecode.c.objc; path = PurchaseDetailViewController.m; sourceTree = "<group>"; };
		F99FC9C11BAD7B7500A34994 /* PurchaseDetailViewController.xib */ = {isa = PBXFileReference; fileEncoding = 4; lastKnownFileType = file.xib; path = PurchaseDetailViewController.xib; sourceTree = "<group>"; };
/* End PBXFileReference section */

/* Begin PBXFrameworksBuildPhase section */
		61704DD31BAD605A00617704 /* Frameworks */ = {
			isa = PBXFrameworksBuildPhase;
			buildActionMask = 2147483647;
			files = (
				97F9EA688F924E00E284840B /* libPods.a in Frameworks */,
			);
			runOnlyForDeploymentPostprocessing = 0;
		};
/* End PBXFrameworksBuildPhase section */

/* Begin PBXGroup section */
		05516D5041C6210C687F20CB /* Pods */ = {
			isa = PBXGroup;
			children = (
				D2D0FB9F3FA752C7E234A5E8 /* Pods.debug.xcconfig */,
				B603D15988D12116523EF210 /* Pods.release.xcconfig */,
			);
			name = Pods;
			sourceTree = "<group>";
		};
		610F65371BAD8A5F0083CC61 /* QntView */ = {
			isa = PBXGroup;
			children = (
				610F65381BAD8A5F0083CC61 /* QntView.h */,
				610F65391BAD8A5F0083CC61 /* QntView.m */,
				610F653B1BAD8B250083CC61 /* QntView.xib */,
			);
			path = QntView;
			sourceTree = "<group>";
		};
		611496A31BADA84A00E4AF04 /* ML */ = {
			isa = PBXGroup;
			children = (
				611496A41BADA84A00E4AF04 /* KRKNN+Definitions.h */,
				611496A51BADA84A00E4AF04 /* KRKNN.h */,
				611496A61BADA84A00E4AF04 /* KRKNN.m */,
				61F84E1B1BAE7C7400096733 /* MLClass.h */,
				61F84E1C1BAE7C7400096733 /* MLClass.m */,
			);
			path = ML;
			sourceTree = "<group>";
		};
		611496A81BADA92400E4AF04 /* Parse */ = {
			isa = PBXGroup;
			children = (
				611496A91BADA92400E4AF04 /* ParseAPI.h */,
				611496AA1BADA92400E4AF04 /* ParseAPI.m */,
			);
			path = Parse;
			sourceTree = "<group>";
		};
		611496C61BADB28F00E4AF04 /* MBProgressHUD */ = {
			isa = PBXGroup;
			children = (
				611496C71BADB28F00E4AF04 /* MBProgressHUD.h */,
				611496C81BADB28F00E4AF04 /* MBProgressHUD.m */,
			);
			path = MBProgressHUD;
			sourceTree = "<group>";
		};
		611496CA1BAE477F00E4AF04 /* Sell */ = {
			isa = PBXGroup;
			children = (
				611496CB1BAE479A00E4AF04 /* SellProductViewController.h */,
				611496CC1BAE479A00E4AF04 /* SellProductViewController.m */,
				611496CD1BAE479A00E4AF04 /* SellProductViewController.xib */,
			);
			path = Sell;
			sourceTree = "<group>";
		};
		61169D761BAE957600A3A6B0 /* ingredients */ = {
			isa = PBXGroup;
			children = (
				61169D771BAE957600A3A6B0 /* IngredientsUploadTableViewCell.h */,
				61169D781BAE957600A3A6B0 /* IngredientsUploadTableViewCell.m */,
				61169D791BAE957600A3A6B0 /* IngredientsUploadTableViewCell.xib */,
				61169D7A1BAE957600A3A6B0 /* IngredientsUploadTableViewController.h */,
				61169D7B1BAE957600A3A6B0 /* IngredientsUploadTableViewController.m */,
				61169D7C1BAE957600A3A6B0 /* IngredientsUploadTableViewController.xib */,
			);
			path = ingredients;
			sourceTree = "<group>";
		};
		61704DCD1BAD605A00617704 = {
			isa = PBXGroup;
			children = (
				61704DD81BAD605A00617704 /* iOS-Tech-Challenge */,
				61704DF21BAD605A00617704 /* iOS-Tech-ChallengeTests */,
				61704DFD1BAD605A00617704 /* iOS-Tech-ChallengeUITests */,
				61704DD71BAD605A00617704 /* Products */,
				05516D5041C6210C687F20CB /* Pods */,
				7E3B27588718C843DF35AD81 /* Frameworks */,
			);
			sourceTree = "<group>";
		};
		61704DD71BAD605A00617704 /* Products */ = {
			isa = PBXGroup;
			children = (
				61704DD61BAD605A00617704 /* iOS-Tech-Challenge.app */,
			);
			name = Products;
			sourceTree = "<group>";
		};
		61704DD81BAD605A00617704 /* iOS-Tech-Challenge */ = {
			isa = PBXGroup;
			children = (
				61169D761BAE957600A3A6B0 /* ingredients */,
				DB076D551BAE807300E5AD6F /* InventoryViewController */,
				DB076D471BAE7ACA00E5AD6F /* UIImage+ImageEffects */,
				61F84DAE1BAE503100096733 /* order */,
				611496CA1BAE477F00E4AF04 /* Sell */,
				611496C61BADB28F00E4AF04 /* MBProgressHUD */,
				611496A81BADA92400E4AF04 /* Parse */,
				611496A31BADA84A00E4AF04 /* ML */,
				F969D9B01BAE5FFD00F8A532 /* Bluno */,
				610F65371BAD8A5F0083CC61 /* QntView */,
				61704E3B1BAD75F500617704 /* UUChart */,
				F99FC9B91BAD7B4400A34994 /* PurchaseView */,
				61704E121BAD619400617704 /* asw-images */,
				61704E0C1BAD607300617704 /* SideMenu */,
				61704DDC1BAD605A00617704 /* AppDelegate.h */,
				61704DDD1BAD605A00617704 /* AppDelegate.m */,
				DB076D441BADA93500E5AD6F /* Constants.h */,
				DB076D371BADA2EB00E5AD6F /* SJDataTableView */,
				61704DDF1BAD605A00617704 /* ViewController.h */,
				61704DE01BAD605A00617704 /* ViewController.m */,
				6114968B1BAD9D5500E4AF04 /* ViewController.xib */,
				61704DE51BAD605A00617704 /* Assets.xcassets */,
				61704DEA1BAD605A00617704 /* Info.plist */,
				61704DD91BAD605A00617704 /* Supporting Files */,
				6114968D1BADA47500E4AF04 /* mNav.h */,
				6114968E1BADA47500E4AF04 /* mNav.m */,
				61F84DD71BAE61FC00096733 /* Main.storyboard */,
				61F84E181BAE665E00096733 /* ViewControllerBase.h */,
				61F84E191BAE665E00096733 /* ViewControllerBase.m */,
			);
			path = "iOS-Tech-Challenge";
			sourceTree = "<group>";
		};
		61704DD91BAD605A00617704 /* Supporting Files */ = {
			isa = PBXGroup;
			children = (
				61704DDA1BAD605A00617704 /* main.m */,
			);
			name = "Supporting Files";
			sourceTree = "<group>";
		};
		61704DF21BAD605A00617704 /* iOS-Tech-ChallengeTests */ = {
			isa = PBXGroup;
			children = (
				61704DF31BAD605A00617704 /* iOS_Tech_ChallengeTests.m */,
				61704DF51BAD605A00617704 /* Info.plist */,
			);
			path = "iOS-Tech-ChallengeTests";
			sourceTree = "<group>";
		};
		61704DFD1BAD605A00617704 /* iOS-Tech-ChallengeUITests */ = {
			isa = PBXGroup;
			children = (
				61704DFE1BAD605A00617704 /* iOS_Tech_ChallengeUITests.m */,
				61704E001BAD605A00617704 /* Info.plist */,
			);
			path = "iOS-Tech-ChallengeUITests";
			sourceTree = "<group>";
		};
		61704E0C1BAD607300617704 /* SideMenu */ = {
			isa = PBXGroup;
			children = (
				611496BF1BADB0F200E4AF04 /* RNFrostedSidebar.h */,
				611496C01BADB0F200E4AF04 /* RNFrostedSidebar.m */,
			);
			path = SideMenu;
			sourceTree = "<group>";
		};
		61704E121BAD619400617704 /* asw-images */ = {
			isa = PBXGroup;
			children = (
				611496C21BADB1D600E4AF04 /* burger.png */,
				611496C31BADB1D600E4AF04 /* burger@2x.png */,
				611496AF1BADB0BF00E4AF04 /* gear.png */,
				611496B01BADB0BF00E4AF04 /* gear@2x.png */,
				611496B11BADB0BF00E4AF04 /* globe.png */,
				611496B21BADB0BF00E4AF04 /* globe@2x.png */,
				611496B31BADB0BF00E4AF04 /* profile.png */,
				611496B41BADB0BF00E4AF04 /* profile@2x.png */,
				611496B51BADB0BF00E4AF04 /* star.png */,
				611496B61BADB0BF00E4AF04 /* star@2x.png */,
				611496871BAD8ECA00E4AF04 /* add.png */,
				611496881BAD8ECA00E4AF04 /* minus.png */,
				61704E131BAD619400617704 /* 1.jpg */,
				61704E141BAD619400617704 /* 2.jpg */,
				61704E151BAD619400617704 /* 3.jpg */,
				61704E161BAD619400617704 /* 4.jpg */,
				61704E171BAD619400617704 /* 5.jpg */,
				61704E181BAD619400617704 /* 6.jpg */,
				61704E191BAD619400617704 /* 7.jpg */,
				61704E1A1BAD619400617704 /* 8.jpg */,
				61704E1B1BAD619400617704 /* 9.jpg */,
				61704E1C1BAD619400617704 /* logo.png */,
			);
			path = "asw-images";
			sourceTree = "<group>";
		};
		61704E3B1BAD75F500617704 /* UUChart */ = {
			isa = PBXGroup;
			children = (
				61704E3C1BAD75F500617704 /* UUBar.h */,
				61704E3D1BAD75F500617704 /* UUBar.m */,
				61704E3E1BAD75F500617704 /* UUBarChart.h */,
				61704E3F1BAD75F500617704 /* UUBarChart.m */,
				61704E401BAD75F500617704 /* UUChart.h */,
				61704E411BAD75F500617704 /* UUChart.m */,
				61704E421BAD75F500617704 /* UUChartLabel.h */,
				61704E431BAD75F500617704 /* UUChartLabel.m */,
				61704E441BAD75F500617704 /* UUColor.h */,
				61704E451BAD75F500617704 /* UUColor.m */,
				61704E461BAD75F500617704 /* UULineChart.h */,
				61704E471BAD75F500617704 /* UULineChart.m */,
			);
			path = UUChart;
			sourceTree = "<group>";
		};
		61F84DAE1BAE503100096733 /* order */ = {
			isa = PBXGroup;
			children = (
				61F84DAF1BAE503100096733 /* ASWOrderCell.h */,
				61F84DB01BAE503100096733 /* ASWOrderCell.m */,
				61F84DB11BAE503100096733 /* ASWOrderCell.xib */,
				61F84DB21BAE503100096733 /* ASWOrderDialogInputViewController.h */,
				61F84DB31BAE503100096733 /* ASWOrderDialogInputViewController.m */,
				61F84DB41BAE503100096733 /* ASWOrderDialogInputViewController.xib */,
				61F84DB51BAE503100096733 /* ASWOrderDraftSelectVC.h */,
				61F84DB61BAE503100096733 /* ASWOrderDraftSelectVC.m */,
				61F84DB71BAE503100096733 /* ASWOrderDraftSelectVC.xib */,
				61F84DB81BAE503100096733 /* ASWOrderMagCell.h */,
				61F84DB91BAE503100096733 /* ASWOrderMagCell.m */,
				61F84DBA1BAE503100096733 /* ASWOrderMagCell.xib */,
				61F84DBB1BAE503100096733 /* ASWOrderMagVC.h */,
				61F84DBC1BAE503100096733 /* ASWOrderMagVC.m */,
				61F84DBD1BAE503100096733 /* ASWOrderMagVC.xib */,
				61F84DBE1BAE503100096733 /* ASWOrderModel.h */,
				61F84DBF1BAE503100096733 /* ASWOrderModel.m */,
				61F84DC01BAE503100096733 /* ASWOrderVC.h */,
				61F84DC11BAE503100096733 /* ASWOrderVC.m */,
				61F84DC21BAE503100096733 /* ASWOrderVC.xib */,
				61F84DC31BAE503100096733 /* Order.jpg */,
				61F84DC41BAE503100096733 /* Order2.jpg */,
				61F84DC51BAE503100096733 /* Order3.jpg */,
			);
			path = order;
			sourceTree = "<group>";
		};
		7E3B27588718C843DF35AD81 /* Frameworks */ = {
			isa = PBXGroup;
			children = (
				673C5616CED4C1F9B61E0753 /* libPods.a */,
			);
			name = Frameworks;
			sourceTree = "<group>";
		};
		DB076D371BADA2EB00E5AD6F /* SJDataTableView */ = {
			isa = PBXGroup;
			children = (
				DB076D381BADA32400E5AD6F /* SJDataFixItemTableView.h */,
				DB076D391BADA32400E5AD6F /* SJDataFixItemTableView.m */,
				DB076D3A1BADA32400E5AD6F /* SJDataTableView.h */,
				DB076D3B1BADA32400E5AD6F /* SJDataTableView.m */,
				DB076D3C1BADA32400E5AD6F /* SJDataTableViewCell.h */,
				DB076D3D1BADA32400E5AD6F /* SJDataTableViewCell.m */,
			);
			name = SJDataTableView;
			sourceTree = "<group>";
		};
		DB076D471BAE7ACA00E5AD6F /* UIImage+ImageEffects */ = {
			isa = PBXGroup;
			children = (
				DB076D481BAE7ACA00E5AD6F /* UIImage+ImageEffects.h */,
				DB076D491BAE7ACA00E5AD6F /* UIImage+ImageEffects.m */,
			);
			path = "UIImage+ImageEffects";
			sourceTree = "<group>";
		};
		DB076D551BAE807300E5AD6F /* InventoryViewController */ = {
			isa = PBXGroup;
			children = (
				DB076D561BAE807300E5AD6F /* InventoryViewController.h */,
				DB076D571BAE807300E5AD6F /* InventoryViewController.m */,
				DB076D581BAE807300E5AD6F /* InventoryViewController.xib */,
				DB076D591BAE807300E5AD6F /* UIColor+Inventory.h */,
				DB076D5A1BAE807300E5AD6F /* UIColor+Inventory.m */,
			);
			path = InventoryViewController;
			sourceTree = "<group>";
		};
		F969D9B01BAE5FFD00F8A532 /* Bluno */ = {
			isa = PBXGroup;
			children = (
				F969D9B11BAE5FFD00F8A532 /* Core */,
				F969D9B61BAE5FFD00F8A532 /* DFBlunoDevice.h */,
				F969D9B71BAE5FFD00F8A532 /* DFBlunoDevice.m */,
				F969D9B81BAE5FFD00F8A532 /* DFBlunoManager.h */,
				F969D9B91BAE5FFD00F8A532 /* DFBlunoManager.m */,
			);
			path = Bluno;
			sourceTree = "<group>";
		};
		F969D9B11BAE5FFD00F8A532 /* Core */ = {
			isa = PBXGroup;
			children = (
				F969D9B21BAE5FFD00F8A532 /* BLEDevice.h */,
				F969D9B31BAE5FFD00F8A532 /* BLEDevice.m */,
				F969D9B41BAE5FFD00F8A532 /* BLEUtility.h */,
				F969D9B51BAE5FFD00F8A532 /* BLEUtility.m */,
			);
			path = Core;
			sourceTree = "<group>";
		};
		F99FC9B91BAD7B4400A34994 /* PurchaseView */ = {
			isa = PBXGroup;
			children = (
				F99FC9BA1BAD7B4400A34994 /* PurchaseViewController.h */,
				F99FC9BB1BAD7B4400A34994 /* PurchaseViewController.m */,
				F99FC9BC1BAD7B4400A34994 /* PurchaseViewController.xib */,
				F99FC9BF1BAD7B7500A34994 /* PurchaseDetailViewController.h */,
				F99FC9C01BAD7B7500A34994 /* PurchaseDetailViewController.m */,
				F99FC9C11BAD7B7500A34994 /* PurchaseDetailViewController.xib */,
				F969D9A41BAD903A00F8A532 /* PurchaseTableViewCell.h */,
				F969D9A51BAD903A00F8A532 /* PurchaseTableViewCell.m */,
				F969D9A61BAD903A00F8A532 /* PurchaseTableViewCell.xib */,
				F969D9AA1BADAD7500F8A532 /* PurchaseDetailTableViewCell.h */,
				F969D9AB1BADAD7500F8A532 /* PurchaseDetailTableViewCell.m */,
				F969D9AC1BADAD7500F8A532 /* PurchaseDetailTableViewCell.xib */,
			);
			path = PurchaseView;
			sourceTree = "<group>";
		};
/* End PBXGroup section */

/* Begin PBXNativeTarget section */
		61704DD51BAD605A00617704 /* iOS-Tech-Challenge */ = {
			isa = PBXNativeTarget;
			buildConfigurationList = 61704E031BAD605A00617704 /* Build configuration list for PBXNativeTarget "iOS-Tech-Challenge" */;
			buildPhases = (
				9E1D64010D710BD4E0C65520 /* Check Pods Manifest.lock */,
				61704DD21BAD605A00617704 /* Sources */,
				61704DD31BAD605A00617704 /* Frameworks */,
				61704DD41BAD605A00617704 /* Resources */,
				435A44045C002CF9E39EFDAF /* Copy Pods Resources */,
			);
			buildRules = (
			);
			dependencies = (
			);
			name = "iOS-Tech-Challenge";
			productName = "iOS-Tech-Challenge";
			productReference = 61704DD61BAD605A00617704 /* iOS-Tech-Challenge.app */;
			productType = "com.apple.product-type.application";
		};
/* End PBXNativeTarget section */

/* Begin PBXProject section */
		61704DCE1BAD605A00617704 /* Project object */ = {
			isa = PBXProject;
			attributes = {
				LastUpgradeCheck = 0700;
				ORGANIZATIONNAME = AKI;
				TargetAttributes = {
					61704DD51BAD605A00617704 = {
						CreatedOnToolsVersion = 7.0;
						DevelopmentTeam = 6T25FRDJW3;
					};
				};
			};
			buildConfigurationList = 61704DD11BAD605A00617704 /* Build configuration list for PBXProject "iOS-Tech-Challenge" */;
			compatibilityVersion = "Xcode 3.2";
			developmentRegion = English;
			hasScannedForEncodings = 0;
			knownRegions = (
				en,
				Base,
			);
			mainGroup = 61704DCD1BAD605A00617704;
			productRefGroup = 61704DD71BAD605A00617704 /* Products */;
			projectDirPath = "";
			projectRoot = "";
			targets = (
				61704DD51BAD605A00617704 /* iOS-Tech-Challenge */,
			);
		};
/* End PBXProject section */

/* Begin PBXResourcesBuildPhase section */
		61704DD41BAD605A00617704 /* Resources */ = {
			isa = PBXResourcesBuildPhase;
			buildActionMask = 2147483647;
			files = (
				611496B81BADB0BF00E4AF04 /* gear@2x.png in Resources */,
				F969D9AF1BADEC1600F8A532 /* PurchaseDetailViewController.xib in Resources */,
				610F653C1BAD8B250083CC61 /* QntView.xib in Resources */,
				61F84DD31BAE503100096733 /* Order.jpg in Resources */,
				611496BC1BADB0BF00E4AF04 /* profile@2x.png in Resources */,
				61704E381BAD619400617704 /* logo.png in Resources */,
				611496BB1BADB0BF00E4AF04 /* profile.png in Resources */,
				61F84DD81BAE61FC00096733 /* Main.storyboard in Resources */,
				611496CF1BAE479A00E4AF04 /* SellProductViewController.xib in Resources */,
				611496B91BADB0BF00E4AF04 /* globe.png in Resources */,
				6114968C1BAD9D5500E4AF04 /* ViewController.xib in Resources */,
				61F84DC71BAE503100096733 /* ASWOrderCell.xib in Resources */,
				61704E321BAD619400617704 /* 8.jpg in Resources */,
				611496891BAD8ECA00E4AF04 /* add.png in Resources */,
				611496BD1BADB0BF00E4AF04 /* star.png in Resources */,
				611496BA1BADB0BF00E4AF04 /* globe@2x.png in Resources */,
				611496C51BADB1D600E4AF04 /* burger@2x.png in Resources */,
				61704E2C1BAD619400617704 /* 6.jpg in Resources */,
				61704E291BAD619400617704 /* 5.jpg in Resources */,
				F969D9AE1BADAD7500F8A532 /* PurchaseDetailTableViewCell.xib in Resources */,
				61704E261BAD619400617704 /* 4.jpg in Resources */,
				6114968A1BAD8ECA00E4AF04 /* minus.png in Resources */,
				61704E1D1BAD619400617704 /* 1.jpg in Resources */,
				61F84DD51BAE503100096733 /* Order3.jpg in Resources */,
				61F84DCB1BAE503100096733 /* ASWOrderDraftSelectVC.xib in Resources */,
				61F84DD41BAE503100096733 /* Order2.jpg in Resources */,
				61F84DD21BAE503100096733 /* ASWOrderVC.xib in Resources */,
				F969D9A81BAD903A00F8A532 /* PurchaseTableViewCell.xib in Resources */,
				61704E201BAD619400617704 /* 2.jpg in Resources */,
				61169D801BAE957600A3A6B0 /* IngredientsUploadTableViewController.xib in Resources */,
				61704E231BAD619400617704 /* 3.jpg in Resources */,
				61F84DCF1BAE503100096733 /* ASWOrderMagVC.xib in Resources */,
				61F84DCD1BAE503100096733 /* ASWOrderMagCell.xib in Resources */,
				61F84DC91BAE503100096733 /* ASWOrderDialogInputViewController.xib in Resources */,
				F99FC9BE1BAD7B4400A34994 /* PurchaseViewController.xib in Resources */,
				61704E2F1BAD619400617704 /* 7.jpg in Resources */,
				DB076D5C1BAE807300E5AD6F /* InventoryViewController.xib in Resources */,
				611496C41BADB1D600E4AF04 /* burger.png in Resources */,
				61704E351BAD619400617704 /* 9.jpg in Resources */,
				61169D7E1BAE957600A3A6B0 /* IngredientsUploadTableViewCell.xib in Resources */,
				611496BE1BADB0BF00E4AF04 /* star@2x.png in Resources */,
				61704DE61BAD605A00617704 /* Assets.xcassets in Resources */,
			);
			runOnlyForDeploymentPostprocessing = 0;
		};
/* End PBXResourcesBuildPhase section */

/* Begin PBXShellScriptBuildPhase section */
		435A44045C002CF9E39EFDAF /* Copy Pods Resources */ = {
			isa = PBXShellScriptBuildPhase;
			buildActionMask = 2147483647;
			files = (
			);
			inputPaths = (
			);
			name = "Copy Pods Resources";
			outputPaths = (
			);
			runOnlyForDeploymentPostprocessing = 0;
			shellPath = /bin/sh;
			shellScript = "\"${SRCROOT}/Pods/Target Support Files/Pods/Pods-resources.sh\"\n";
			showEnvVarsInLog = 0;
		};
		9E1D64010D710BD4E0C65520 /* Check Pods Manifest.lock */ = {
			isa = PBXShellScriptBuildPhase;
			buildActionMask = 2147483647;
			files = (
			);
			inputPaths = (
			);
			name = "Check Pods Manifest.lock";
			outputPaths = (
			);
			runOnlyForDeploymentPostprocessing = 0;
			shellPath = /bin/sh;
			shellScript = "diff \"${PODS_ROOT}/../Podfile.lock\" \"${PODS_ROOT}/Manifest.lock\" > /dev/null\nif [[ $? != 0 ]] ; then\n    cat << EOM\nerror: The sandbox is not in sync with the Podfile.lock. Run 'pod install' or update your CocoaPods installation.\nEOM\n    exit 1\nfi\n";
			showEnvVarsInLog = 0;
		};
/* End PBXShellScriptBuildPhase section */

/* Begin PBXSourcesBuildPhase section */
		61704DD21BAD605A00617704 /* Sources */ = {
			isa = PBXSourcesBuildPhase;
			buildActionMask = 2147483647;
			files = (
				DB076D4A1BAE7ACA00E5AD6F /* UIImage+ImageEffects.m in Sources */,
				F99FC9C21BAD7B7500A34994 /* PurchaseDetailViewController.m in Sources */,
				F969D9A71BAD903A00F8A532 /* PurchaseTableViewCell.m in Sources */,
				61704E481BAD75F500617704 /* UUBar.m in Sources */,
				611496CE1BAE479A00E4AF04 /* SellProductViewController.m in Sources */,
				61704E4C1BAD75F500617704 /* UUColor.m in Sources */,
				DB076D3F1BADA32400E5AD6F /* SJDataTableView.m in Sources */,
				61704E491BAD75F500617704 /* UUBarChart.m in Sources */,
				DB076D5B1BAE807300E5AD6F /* InventoryViewController.m in Sources */,
				F969D9BB1BAE5FFD00F8A532 /* BLEUtility.m in Sources */,
				610F653A1BAD8A5F0083CC61 /* QntView.m in Sources */,
				61F84DD01BAE503100096733 /* ASWOrderModel.m in Sources */,
				611496C11BADB0F200E4AF04 /* RNFrostedSidebar.m in Sources */,
				61704E4D1BAD75F500617704 /* UULineChart.m in Sources */,
				F969D9BC1BAE5FFD00F8A532 /* DFBlunoDevice.m in Sources */,
				DB076D5D1BAE807300E5AD6F /* UIColor+Inventory.m in Sources */,
				F969D9BA1BAE5FFD00F8A532 /* BLEDevice.m in Sources */,
				61704DE11BAD605A00617704 /* ViewController.m in Sources */,
				DB076D401BADA32400E5AD6F /* SJDataTableViewCell.m in Sources */,
				DB076D3E1BADA32400E5AD6F /* SJDataFixItemTableView.m in Sources */,
				61F84DCC1BAE503100096733 /* ASWOrderMagCell.m in Sources */,
				61F84DC81BAE503100096733 /* ASWOrderDialogInputViewController.m in Sources */,
				61F84E1A1BAE665E00096733 /* ViewControllerBase.m in Sources */,
				611496C91BADB28F00E4AF04 /* MBProgressHUD.m in Sources */,
				61F84DCA1BAE503100096733 /* ASWOrderDraftSelectVC.m in Sources */,
				F969D9BD1BAE5FFD00F8A532 /* DFBlunoManager.m in Sources */,
				F969D9AD1BADAD7500F8A532 /* PurchaseDetailTableViewCell.m in Sources */,
				61169D7F1BAE957600A3A6B0 /* IngredientsUploadTableViewController.m in Sources */,
				6114968F1BADA47500E4AF04 /* mNav.m in Sources */,
				61F84E1D1BAE7C7400096733 /* MLClass.m in Sources */,
				61704DDE1BAD605A00617704 /* AppDelegate.m in Sources */,
				61F84DCE1BAE503100096733 /* ASWOrderMagVC.m in Sources */,
				61F84DC61BAE503100096733 /* ASWOrderCell.m in Sources */,
				611496A71BADA84A00E4AF04 /* KRKNN.m in Sources */,
				611496AB1BADA92400E4AF04 /* ParseAPI.m in Sources */,
				61704E4B1BAD75F500617704 /* UUChartLabel.m in Sources */,
				F969D9A91BADA89A00F8A532 /* PurchaseViewController.m in Sources */,
				61704E4A1BAD75F500617704 /* UUChart.m in Sources */,
				61704DDB1BAD605A00617704 /* main.m in Sources */,
				61169D7D1BAE957600A3A6B0 /* IngredientsUploadTableViewCell.m in Sources */,
				61F84DD11BAE503100096733 /* ASWOrderVC.m in Sources */,
			);
			runOnlyForDeploymentPostprocessing = 0;
		};
/* End PBXSourcesBuildPhase section */

/* Begin XCBuildConfiguration section */
		61704E011BAD605A00617704 /* Debug */ = {
			isa = XCBuildConfiguration;
			buildSettings = {
				ALWAYS_SEARCH_USER_PATHS = NO;
				CLANG_CXX_LANGUAGE_STANDARD = "gnu++0x";
				CLANG_CXX_LIBRARY = "libc++";
				CLANG_ENABLE_MODULES = YES;
				CLANG_ENABLE_OBJC_ARC = YES;
				CLANG_WARN_BOOL_CONVERSION = YES;
				CLANG_WARN_CONSTANT_CONVERSION = YES;
				CLANG_WARN_DIRECT_OBJC_ISA_USAGE = YES_ERROR;
				CLANG_WARN_EMPTY_BODY = YES;
				CLANG_WARN_ENUM_CONVERSION = YES;
				CLANG_WARN_INT_CONVERSION = YES;
				CLANG_WARN_OBJC_ROOT_CLASS = YES_ERROR;
				CLANG_WARN_UNREACHABLE_CODE = YES;
				CLANG_WARN__DUPLICATE_METHOD_MATCH = YES;
				"CODE_SIGN_IDENTITY[sdk=iphoneos*]" = "iPhone Developer";
				COPY_PHASE_STRIP = NO;
				DEBUG_INFORMATION_FORMAT = dwarf;
				ENABLE_STRICT_OBJC_MSGSEND = YES;
				ENABLE_TESTABILITY = YES;
				GCC_C_LANGUAGE_STANDARD = gnu99;
				GCC_DYNAMIC_NO_PIC = NO;
				GCC_NO_COMMON_BLOCKS = YES;
				GCC_OPTIMIZATION_LEVEL = 0;
				GCC_PREPROCESSOR_DEFINITIONS = (
					"DEBUG=1",
					"$(inherited)",
				);
				GCC_WARN_64_TO_32_BIT_CONVERSION = YES;
				GCC_WARN_ABOUT_RETURN_TYPE = YES_ERROR;
				GCC_WARN_UNDECLARED_SELECTOR = YES;
				GCC_WARN_UNINITIALIZED_AUTOS = YES_AGGRESSIVE;
				GCC_WARN_UNUSED_FUNCTION = YES;
				GCC_WARN_UNUSED_VARIABLE = YES;
				IPHONEOS_DEPLOYMENT_TARGET = 8.0;
				MTL_ENABLE_DEBUG_INFO = YES;
				ONLY_ACTIVE_ARCH = YES;
				SDKROOT = iphoneos;
				TARGETED_DEVICE_FAMILY = 2;
			};
			name = Debug;
		};
		61704E021BAD605A00617704 /* Release */ = {
			isa = XCBuildConfiguration;
			buildSettings = {
				ALWAYS_SEARCH_USER_PATHS = NO;
				CLANG_CXX_LANGUAGE_STANDARD = "gnu++0x";
				CLANG_CXX_LIBRARY = "libc++";
				CLANG_ENABLE_MODULES = YES;
				CLANG_ENABLE_OBJC_ARC = YES;
				CLANG_WARN_BOOL_CONVERSION = YES;
				CLANG_WARN_CONSTANT_CONVERSION = YES;
				CLANG_WARN_DIRECT_OBJC_ISA_USAGE = YES_ERROR;
				CLANG_WARN_EMPTY_BODY = YES;
				CLANG_WARN_ENUM_CONVERSION = YES;
				CLANG_WARN_INT_CONVERSION = YES;
				CLANG_WARN_OBJC_ROOT_CLASS = YES_ERROR;
				CLANG_WARN_UNREACHABLE_CODE = YES;
				CLANG_WARN__DUPLICATE_METHOD_MATCH = YES;
				"CODE_SIGN_IDENTITY[sdk=iphoneos*]" = "iPhone Developer";
				COPY_PHASE_STRIP = NO;
				DEBUG_INFORMATION_FORMAT = "dwarf-with-dsym";
				ENABLE_NS_ASSERTIONS = NO;
				ENABLE_STRICT_OBJC_MSGSEND = YES;
				GCC_C_LANGUAGE_STANDARD = gnu99;
				GCC_NO_COMMON_BLOCKS = YES;
				GCC_WARN_64_TO_32_BIT_CONVERSION = YES;
				GCC_WARN_ABOUT_RETURN_TYPE = YES_ERROR;
				GCC_WARN_UNDECLARED_SELECTOR = YES;
				GCC_WARN_UNINITIALIZED_AUTOS = YES_AGGRESSIVE;
				GCC_WARN_UNUSED_FUNCTION = YES;
				GCC_WARN_UNUSED_VARIABLE = YES;
				IPHONEOS_DEPLOYMENT_TARGET = 8.0;
				MTL_ENABLE_DEBUG_INFO = NO;
				SDKROOT = iphoneos;
				TARGETED_DEVICE_FAMILY = 2;
				VALIDATE_PRODUCT = YES;
			};
			name = Release;
		};
		61704E041BAD605A00617704 /* Debug */ = {
			isa = XCBuildConfiguration;
			baseConfigurationReference = D2D0FB9F3FA752C7E234A5E8 /* Pods.debug.xcconfig */;
			buildSettings = {
				ASSETCATALOG_COMPILER_APPICON_NAME = AppIcon;
				CODE_SIGN_IDENTITY = "iPhone Developer";
				INFOPLIST_FILE = "iOS-Tech-Challenge/Info.plist";
				IPHONEOS_DEPLOYMENT_TARGET = 8.0;
				LD_RUNPATH_SEARCH_PATHS = "$(inherited) @executable_path/Frameworks";
				PRODUCT_BUNDLE_IDENTIFIER = "com.yuaki.iOS-Tech-Challenge";
				PRODUCT_NAME = "$(TARGET_NAME)";
			};
			name = Debug;
		};
		61704E051BAD605A00617704 /* Release */ = {
			isa = XCBuildConfiguration;
			baseConfigurationReference = B603D15988D12116523EF210 /* Pods.release.xcconfig */;
			buildSettings = {
				ASSETCATALOG_COMPILER_APPICON_NAME = AppIcon;
				CODE_SIGN_IDENTITY = "iPhone Developer";
				INFOPLIST_FILE = "iOS-Tech-Challenge/Info.plist";
				IPHONEOS_DEPLOYMENT_TARGET = 8.0;
				LD_RUNPATH_SEARCH_PATHS = "$(inherited) @executable_path/Frameworks";
				PRODUCT_BUNDLE_IDENTIFIER = "com.yuaki.iOS-Tech-Challenge";
				PRODUCT_NAME = "$(TARGET_NAME)";
			};
			name = Release;
		};
/* End XCBuildConfiguration section */

/* Begin XCConfigurationList section */
		61704DD11BAD605A00617704 /* Build configuration list for PBXProject "iOS-Tech-Challenge" */ = {
			isa = XCConfigurationList;
			buildConfigurations = (
				61704E011BAD605A00617704 /* Debug */,
				61704E021BAD605A00617704 /* Release */,
			);
			defaultConfigurationIsVisible = 0;
			defaultConfigurationName = Release;
		};
		61704E031BAD605A00617704 /* Build configuration list for PBXNativeTarget "iOS-Tech-Challenge" */ = {
			isa = XCConfigurationList;
			buildConfigurations = (
				61704E041BAD605A00617704 /* Debug */,
				61704E051BAD605A00617704 /* Release */,
			);
			defaultConfigurationIsVisible = 0;
			defaultConfigurationName = Release;
		};
/* End XCConfigurationList section */
	};
	rootObject = 61704DCE1BAD605A00617704 /* Project object */;
}
