// !$*UTF8*$!
{
	archiveVersion = 1;
	classes = {
	};
	objectVersion = 46;
	objects = {

/* Begin PBXBuildFile section */
		610F653A1BAD8A5F0083CC61 /* QntView.m in Sources */ = {isa = PBXBuildFile; fileRef = 610F65391BAD8A5F0083CC61 /* QntView.m */; settings = {ASSET_TAGS = (); }; };
		610F653C1BAD8B250083CC61 /* QntView.xib in Resources */ = {isa = PBXBuildFile; fileRef = 610F653B1BAD8B250083CC61 /* QntView.xib */; settings = {ASSET_TAGS = (); }; };
		61704DDB1BAD605A00617704 /* main.m in Sources */ = {isa = PBXBuildFile; fileRef = 61704DDA1BAD605A00617704 /* main.m */; };
		61704DDE1BAD605A00617704 /* AppDelegate.m in Sources */ = {isa = PBXBuildFile; fileRef = 61704DDD1BAD605A00617704 /* AppDelegate.m */; };
		61704DE11BAD605A00617704 /* ViewController.m in Sources */ = {isa = PBXBuildFile; fileRef = 61704DE01BAD605A00617704 /* ViewController.m */; };
		61704DE41BAD605A00617704 /* Main.storyboard in Resources */ = {isa = PBXBuildFile; fileRef = 61704DE21BAD605A00617704 /* Main.storyboard */; };
		61704DE61BAD605A00617704 /* Assets.xcassets in Resources */ = {isa = PBXBuildFile; fileRef = 61704DE51BAD605A00617704 /* Assets.xcassets */; };
		61704DE91BAD605A00617704 /* LaunchScreen.storyboard in Resources */ = {isa = PBXBuildFile; fileRef = 61704DE71BAD605A00617704 /* LaunchScreen.storyboard */; };
		61704E0F1BAD607300617704 /* RNBlurredSideViewController.m in Sources */ = {isa = PBXBuildFile; fileRef = 61704E0E1BAD607300617704 /* RNBlurredSideViewController.m */; settings = {ASSET_TAGS = (); }; };
		61704E1D1BAD619400617704 /* 1.jpg in Resources */ = {isa = PBXBuildFile; fileRef = 61704E131BAD619400617704 /* 1.jpg */; settings = {ASSET_TAGS = (); }; };
		61704E201BAD619400617704 /* 2.jpg in Resources */ = {isa = PBXBuildFile; fileRef = 61704E141BAD619400617704 /* 2.jpg */; settings = {ASSET_TAGS = (); }; };
		61704E231BAD619400617704 /* 3.jpg in Resources */ = {isa = PBXBuildFile; fileRef = 61704E151BAD619400617704 /* 3.jpg */; settings = {ASSET_TAGS = (); }; };
		61704E261BAD619400617704 /* 4.jpg in Resources */ = {isa = PBXBuildFile; fileRef = 61704E161BAD619400617704 /* 4.jpg */; settings = {ASSET_TAGS = (); }; };
		61704E291BAD619400617704 /* 5.jpg in Resources */ = {isa = PBXBuildFile; fileRef = 61704E171BAD619400617704 /* 5.jpg */; settings = {ASSET_TAGS = (); }; };
		61704E2C1BAD619400617704 /* 6.jpg in Resources */ = {isa = PBXBuildFile; fileRef = 61704E181BAD619400617704 /* 6.jpg */; settings = {ASSET_TAGS = (); }; };
		61704E2F1BAD619400617704 /* 7.jpg in Resources */ = {isa = PBXBuildFile; fileRef = 61704E191BAD619400617704 /* 7.jpg */; settings = {ASSET_TAGS = (); }; };
		61704E321BAD619400617704 /* 8.jpg in Resources */ = {isa = PBXBuildFile; fileRef = 61704E1A1BAD619400617704 /* 8.jpg */; settings = {ASSET_TAGS = (); }; };
		61704E351BAD619400617704 /* 9.jpg in Resources */ = {isa = PBXBuildFile; fileRef = 61704E1B1BAD619400617704 /* 9.jpg */; settings = {ASSET_TAGS = (); }; };
		61704E381BAD619400617704 /* logo.png in Resources */ = {isa = PBXBuildFile; fileRef = 61704E1C1BAD619400617704 /* logo.png */; settings = {ASSET_TAGS = (); }; };
		61704E481BAD75F500617704 /* UUBar.m in Sources */ = {isa = PBXBuildFile; fileRef = 61704E3D1BAD75F500617704 /* UUBar.m */; settings = {ASSET_TAGS = (); }; };
		61704E491BAD75F500617704 /* UUBarChart.m in Sources */ = {isa = PBXBuildFile; fileRef = 61704E3F1BAD75F500617704 /* UUBarChart.m */; settings = {ASSET_TAGS = (); }; };
		61704E4A1BAD75F500617704 /* UUChart.m in Sources */ = {isa = PBXBuildFile; fileRef = 61704E411BAD75F500617704 /* UUChart.m */; settings = {ASSET_TAGS = (); }; };
		61704E4B1BAD75F500617704 /* UUChartLabel.m in Sources */ = {isa = PBXBuildFile; fileRef = 61704E431BAD75F500617704 /* UUChartLabel.m */; settings = {ASSET_TAGS = (); }; };
		61704E4C1BAD75F500617704 /* UUColor.m in Sources */ = {isa = PBXBuildFile; fileRef = 61704E451BAD75F500617704 /* UUColor.m */; settings = {ASSET_TAGS = (); }; };
		61704E4D1BAD75F500617704 /* UULineChart.m in Sources */ = {isa = PBXBuildFile; fileRef = 61704E471BAD75F500617704 /* UULineChart.m */; settings = {ASSET_TAGS = (); }; };
		97F9EA688F924E00E284840B /* libPods.a in Frameworks */ = {isa = PBXBuildFile; fileRef = 673C5616CED4C1F9B61E0753 /* libPods.a */; };
/* End PBXBuildFile section */

/* Begin PBXFileReference section */
		610F65381BAD8A5F0083CC61 /* QntView.h */ = {isa = PBXFileReference; fileEncoding = 4; lastKnownFileType = sourcecode.c.h; path = QntView.h; sourceTree = "<group>"; };
		610F65391BAD8A5F0083CC61 /* QntView.m */ = {isa = PBXFileReference; fileEncoding = 4; lastKnownFileType = sourcecode.c.objc; path = QntView.m; sourceTree = "<group>"; };
		610F653B1BAD8B250083CC61 /* QntView.xib */ = {isa = PBXFileReference; fileEncoding = 4; lastKnownFileType = file.xib; path = QntView.xib; sourceTree = "<group>"; };
		61704DD61BAD605A00617704 /* iOS-Tech-Challenge.app */ = {isa = PBXFileReference; explicitFileType = wrapper.application; includeInIndex = 0; path = "iOS-Tech-Challenge.app"; sourceTree = BUILT_PRODUCTS_DIR; };
		61704DDA1BAD605A00617704 /* main.m */ = {isa = PBXFileReference; lastKnownFileType = sourcecode.c.objc; path = main.m; sourceTree = "<group>"; };
		61704DDC1BAD605A00617704 /* AppDelegate.h */ = {isa = PBXFileReference; lastKnownFileType = sourcecode.c.h; path = AppDelegate.h; sourceTree = "<group>"; };
		61704DDD1BAD605A00617704 /* AppDelegate.m */ = {isa = PBXFileReference; lastKnownFileType = sourcecode.c.objc; path = AppDelegate.m; sourceTree = "<group>"; };
		61704DDF1BAD605A00617704 /* ViewController.h */ = {isa = PBXFileReference; lastKnownFileType = sourcecode.c.h; path = ViewController.h; sourceTree = "<group>"; };
		61704DE01BAD605A00617704 /* ViewController.m */ = {isa = PBXFileReference; lastKnownFileType = sourcecode.c.objc; path = ViewController.m; sourceTree = "<group>"; };
		61704DE31BAD605A00617704 /* Base */ = {isa = PBXFileReference; lastKnownFileType = file.storyboard; name = Base; path = Base.lproj/Main.storyboard; sourceTree = "<group>"; };
		61704DE51BAD605A00617704 /* Assets.xcassets */ = {isa = PBXFileReference; lastKnownFileType = folder.assetcatalog; path = Assets.xcassets; sourceTree = "<group>"; };
		61704DE81BAD605A00617704 /* Base */ = {isa = PBXFileReference; lastKnownFileType = file.storyboard; name = Base; path = Base.lproj/LaunchScreen.storyboard; sourceTree = "<group>"; };
		61704DEA1BAD605A00617704 /* Info.plist */ = {isa = PBXFileReference; lastKnownFileType = text.plist.xml; path = Info.plist; sourceTree = "<group>"; };
		61704DF31BAD605A00617704 /* iOS_Tech_ChallengeTests.m */ = {isa = PBXFileReference; lastKnownFileType = sourcecode.c.objc; path = iOS_Tech_ChallengeTests.m; sourceTree = "<group>"; };
		61704DF51BAD605A00617704 /* Info.plist */ = {isa = PBXFileReference; lastKnownFileType = text.plist.xml; path = Info.plist; sourceTree = "<group>"; };
		61704DFE1BAD605A00617704 /* iOS_Tech_ChallengeUITests.m */ = {isa = PBXFileReference; lastKnownFileType = sourcecode.c.objc; path = iOS_Tech_ChallengeUITests.m; sourceTree = "<group>"; };
		61704E001BAD605A00617704 /* Info.plist */ = {isa = PBXFileReference; lastKnownFileType = text.plist.xml; path = Info.plist; sourceTree = "<group>"; };
		61704E0D1BAD607300617704 /* RNBlurredSideViewController.h */ = {isa = PBXFileReference; fileEncoding = 4; lastKnownFileType = sourcecode.c.h; path = RNBlurredSideViewController.h; sourceTree = "<group>"; };
		61704E0E1BAD607300617704 /* RNBlurredSideViewController.m */ = {isa = PBXFileReference; fileEncoding = 4; lastKnownFileType = sourcecode.c.objc; path = RNBlurredSideViewController.m; sourceTree = "<group>"; };
		61704E131BAD619400617704 /* 1.jpg */ = {isa = PBXFileReference; lastKnownFileType = image.jpeg; path = 1.jpg; sourceTree = "<group>"; };
		61704E141BAD619400617704 /* 2.jpg */ = {isa = PBXFileReference; lastKnownFileType = image.jpeg; path = 2.jpg; sourceTree = "<group>"; };
		61704E151BAD619400617704 /* 3.jpg */ = {isa = PBXFileReference; lastKnownFileType = image.jpeg; path = 3.jpg; sourceTree = "<group>"; };
		61704E161BAD619400617704 /* 4.jpg */ = {isa = PBXFileReference; lastKnownFileType = image.jpeg; path = 4.jpg; sourceTree = "<group>"; };
		61704E171BAD619400617704 /* 5.jpg */ = {isa = PBXFileReference; lastKnownFileType = image.jpeg; path = 5.jpg; sourceTree = "<group>"; };
		61704E181BAD619400617704 /* 6.jpg */ = {isa = PBXFileReference; lastKnownFileType = image.jpeg; path = 6.jpg; sourceTree = "<group>"; };
		61704E191BAD619400617704 /* 7.jpg */ = {isa = PBXFileReference; lastKnownFileType = image.jpeg; path = 7.jpg; sourceTree = "<group>"; };
		61704E1A1BAD619400617704 /* 8.jpg */ = {isa = PBXFileReference; lastKnownFileType = image.jpeg; path = 8.jpg; sourceTree = "<group>"; };
		61704E1B1BAD619400617704 /* 9.jpg */ = {isa = PBXFileReference; lastKnownFileType = image.jpeg; path = 9.jpg; sourceTree = "<group>"; };
		61704E1C1BAD619400617704 /* logo.png */ = {isa = PBXFileReference; lastKnownFileType = image.png; path = logo.png; sourceTree = "<group>"; };
		61704E3C1BAD75F500617704 /* UUBar.h */ = {isa = PBXFileReference; fileEncoding = 4; lastKnownFileType = sourcecode.c.h; path = UUBar.h; sourceTree = "<group>"; };
		61704E3D1BAD75F500617704 /* UUBar.m */ = {isa = PBXFileReference; fileEncoding = 4; lastKnownFileType = sourcecode.c.objc; path = UUBar.m; sourceTree = "<group>"; };
		61704E3E1BAD75F500617704 /* UUBarChart.h */ = {isa = PBXFileReference; fileEncoding = 4; lastKnownFileType = sourcecode.c.h; path = UUBarChart.h; sourceTree = "<group>"; };
		61704E3F1BAD75F500617704 /* UUBarChart.m */ = {isa = PBXFileReference; fileEncoding = 4; lastKnownFileType = sourcecode.c.objc; path = UUBarChart.m; sourceTree = "<group>"; };
		61704E401BAD75F500617704 /* UUChart.h */ = {isa = PBXFileReference; fileEncoding = 4; lastKnownFileType = sourcecode.c.h; path = UUChart.h; sourceTree = "<group>"; };
		61704E411BAD75F500617704 /* UUChart.m */ = {isa = PBXFileReference; fileEncoding = 4; lastKnownFileType = sourcecode.c.objc; path = UUChart.m; sourceTree = "<group>"; };
		61704E421BAD75F500617704 /* UUChartLabel.h */ = {isa = PBXFileReference; fileEncoding = 4; lastKnownFileType = sourcecode.c.h; path = UUChartLabel.h; sourceTree = "<group>"; };
		61704E431BAD75F500617704 /* UUChartLabel.m */ = {isa = PBXFileReference; fileEncoding = 4; lastKnownFileType = sourcecode.c.objc; path = UUChartLabel.m; sourceTree = "<group>"; };
		61704E441BAD75F500617704 /* UUColor.h */ = {isa = PBXFileReference; fileEncoding = 4; lastKnownFileType = sourcecode.c.h; path = UUColor.h; sourceTree = "<group>"; };
		61704E451BAD75F500617704 /* UUColor.m */ = {isa = PBXFileReference; fileEncoding = 4; lastKnownFileType = sourcecode.c.objc; path = UUColor.m; sourceTree = "<group>"; };
		61704E461BAD75F500617704 /* UULineChart.h */ = {isa = PBXFileReference; fileEncoding = 4; lastKnownFileType = sourcecode.c.h; path = UULineChart.h; sourceTree = "<group>"; };
		61704E471BAD75F500617704 /* UULineChart.m */ = {isa = PBXFileReference; fileEncoding = 4; lastKnownFileType = sourcecode.c.objc; path = UULineChart.m; sourceTree = "<group>"; };
		673C5616CED4C1F9B61E0753 /* libPods.a */ = {isa = PBXFileReference; explicitFileType = archive.ar; includeInIndex = 0; path = libPods.a; sourceTree = BUILT_PRODUCTS_DIR; };
		B603D15988D12116523EF210 /* Pods.release.xcconfig */ = {isa = PBXFileReference; includeInIndex = 1; lastKnownFileType = text.xcconfig; name = Pods.release.xcconfig; path = "Pods/Target Support Files/Pods/Pods.release.xcconfig"; sourceTree = "<group>"; };
		D2D0FB9F3FA752C7E234A5E8 /* Pods.debug.xcconfig */ = {isa = PBXFileReference; includeInIndex = 1; lastKnownFileType = text.xcconfig; name = Pods.debug.xcconfig; path = "Pods/Target Support Files/Pods/Pods.debug.xcconfig"; sourceTree = "<group>"; };
/* End PBXFileReference section */

/* Begin PBXFrameworksBuildPhase section */
		61704DD31BAD605A00617704 /* Frameworks */ = {
			isa = PBXFrameworksBuildPhase;
			buildActionMask = 2147483647;
			files = (
				97F9EA688F924E00E284840B /* libPods.a in Frameworks */,
			);
			runOnlyForDeploymentPostprocessing = 0;
		};
/* End PBXFrameworksBuildPhase section */

/* Begin PBXGroup section */
		05516D5041C6210C687F20CB /* Pods */ = {
			isa = PBXGroup;
			children = (
				D2D0FB9F3FA752C7E234A5E8 /* Pods.debug.xcconfig */,
				B603D15988D12116523EF210 /* Pods.release.xcconfig */,
			);
			name = Pods;
			sourceTree = "<group>";
		};
		610F65371BAD8A5F0083CC61 /* QntView */ = {
			isa = PBXGroup;
			children = (
				610F65381BAD8A5F0083CC61 /* QntView.h */,
				610F65391BAD8A5F0083CC61 /* QntView.m */,
				610F653B1BAD8B250083CC61 /* QntView.xib */,
			);
			path = QntView;
			sourceTree = "<group>";
		};
		61704DCD1BAD605A00617704 = {
			isa = PBXGroup;
			children = (
				61704DD81BAD605A00617704 /* iOS-Tech-Challenge */,
				61704DF21BAD605A00617704 /* iOS-Tech-ChallengeTests */,
				61704DFD1BAD605A00617704 /* iOS-Tech-ChallengeUITests */,
				61704DD71BAD605A00617704 /* Products */,
				05516D5041C6210C687F20CB /* Pods */,
				7E3B27588718C843DF35AD81 /* Frameworks */,
			);
			sourceTree = "<group>";
		};
		61704DD71BAD605A00617704 /* Products */ = {
			isa = PBXGroup;
			children = (
				61704DD61BAD605A00617704 /* iOS-Tech-Challenge.app */,
			);
			name = Products;
			sourceTree = "<group>";
		};
		61704DD81BAD605A00617704 /* iOS-Tech-Challenge */ = {
			isa = PBXGroup;
			children = (
				610F65371BAD8A5F0083CC61 /* QntView */,
				61704E3B1BAD75F500617704 /* UUChart */,
				61704E121BAD619400617704 /* asw-images */,
				61704E0C1BAD607300617704 /* SideMenu */,
				61704DDC1BAD605A00617704 /* AppDelegate.h */,
				61704DDD1BAD605A00617704 /* AppDelegate.m */,
				61704DDF1BAD605A00617704 /* ViewController.h */,
				61704DE01BAD605A00617704 /* ViewController.m */,
				61704DE21BAD605A00617704 /* Main.storyboard */,
				61704DE51BAD605A00617704 /* Assets.xcassets */,
				61704DE71BAD605A00617704 /* LaunchScreen.storyboard */,
				61704DEA1BAD605A00617704 /* Info.plist */,
				61704DD91BAD605A00617704 /* Supporting Files */,
			);
			path = "iOS-Tech-Challenge";
			sourceTree = "<group>";
		};
		61704DD91BAD605A00617704 /* Supporting Files */ = {
			isa = PBXGroup;
			children = (
				61704DDA1BAD605A00617704 /* main.m */,
			);
			name = "Supporting Files";
			sourceTree = "<group>";
		};
		61704DF21BAD605A00617704 /* iOS-Tech-ChallengeTests */ = {
			isa = PBXGroup;
			children = (
				61704DF31BAD605A00617704 /* iOS_Tech_ChallengeTests.m */,
				61704DF51BAD605A00617704 /* Info.plist */,
			);
			path = "iOS-Tech-ChallengeTests";
			sourceTree = "<group>";
		};
		61704DFD1BAD605A00617704 /* iOS-Tech-ChallengeUITests */ = {
			isa = PBXGroup;
			children = (
				61704DFE1BAD605A00617704 /* iOS_Tech_ChallengeUITests.m */,
				61704E001BAD605A00617704 /* Info.plist */,
			);
			path = "iOS-Tech-ChallengeUITests";
			sourceTree = "<group>";
		};
		61704E0C1BAD607300617704 /* SideMenu */ = {
			isa = PBXGroup;
			children = (
				61704E0D1BAD607300617704 /* RNBlurredSideViewController.h */,
				61704E0E1BAD607300617704 /* RNBlurredSideViewController.m */,
			);
			path = SideMenu;
			sourceTree = "<group>";
		};
		61704E121BAD619400617704 /* asw-images */ = {
			isa = PBXGroup;
			children = (
				61704E131BAD619400617704 /* 1.jpg */,
				61704E141BAD619400617704 /* 2.jpg */,
				61704E151BAD619400617704 /* 3.jpg */,
				61704E161BAD619400617704 /* 4.jpg */,
				61704E171BAD619400617704 /* 5.jpg */,
				61704E181BAD619400617704 /* 6.jpg */,
				61704E191BAD619400617704 /* 7.jpg */,
				61704E1A1BAD619400617704 /* 8.jpg */,
				61704E1B1BAD619400617704 /* 9.jpg */,
				61704E1C1BAD619400617704 /* logo.png */,
			);
			path = "asw-images";
			sourceTree = "<group>";
		};
		61704E3B1BAD75F500617704 /* UUChart */ = {
			isa = PBXGroup;
			children = (
				61704E3C1BAD75F500617704 /* UUBar.h */,
				61704E3D1BAD75F500617704 /* UUBar.m */,
				61704E3E1BAD75F500617704 /* UUBarChart.h */,
				61704E3F1BAD75F500617704 /* UUBarChart.m */,
				61704E401BAD75F500617704 /* UUChart.h */,
				61704E411BAD75F500617704 /* UUChart.m */,
				61704E421BAD75F500617704 /* UUChartLabel.h */,
				61704E431BAD75F500617704 /* UUChartLabel.m */,
				61704E441BAD75F500617704 /* UUColor.h */,
				61704E451BAD75F500617704 /* UUColor.m */,
				61704E461BAD75F500617704 /* UULineChart.h */,
				61704E471BAD75F500617704 /* UULineChart.m */,
			);
			path = UUChart;
			sourceTree = "<group>";
		};
		7E3B27588718C843DF35AD81 /* Frameworks */ = {
			isa = PBXGroup;
			children = (
				673C5616CED4C1F9B61E0753 /* libPods.a */,
			);
			name = Frameworks;
			sourceTree = "<group>";
		};
/* End PBXGroup section */

/* Begin PBXNativeTarget section */
		61704DD51BAD605A00617704 /* iOS-Tech-Challenge */ = {
			isa = PBXNativeTarget;
			buildConfigurationList = 61704E031BAD605A00617704 /* Build configuration list for PBXNativeTarget "iOS-Tech-Challenge" */;
			buildPhases = (
				9E1D64010D710BD4E0C65520 /* Check Pods Manifest.lock */,
				61704DD21BAD605A00617704 /* Sources */,
				61704DD31BAD605A00617704 /* Frameworks */,
				61704DD41BAD605A00617704 /* Resources */,
				435A44045C002CF9E39EFDAF /* Copy Pods Resources */,
			);
			buildRules = (
			);
			dependencies = (
			);
			name = "iOS-Tech-Challenge";
			productName = "iOS-Tech-Challenge";
			productReference = 61704DD61BAD605A00617704 /* iOS-Tech-Challenge.app */;
			productType = "com.apple.product-type.application";
		};
/* End PBXNativeTarget section */

/* Begin PBXProject section */
		61704DCE1BAD605A00617704 /* Project object */ = {
			isa = PBXProject;
			attributes = {
				LastUpgradeCheck = 0700;
				ORGANIZATIONNAME = AKI;
				TargetAttributes = {
					61704DD51BAD605A00617704 = {
						CreatedOnToolsVersion = 7.0;
					};
				};
			};
			buildConfigurationList = 61704DD11BAD605A00617704 /* Build configuration list for PBXProject "iOS-Tech-Challenge" */;
			compatibilityVersion = "Xcode 3.2";
			developmentRegion = English;
			hasScannedForEncodings = 0;
			knownRegions = (
				en,
				Base,
			);
			mainGroup = 61704DCD1BAD605A00617704;
			productRefGroup = 61704DD71BAD605A00617704 /* Products */;
			projectDirPath = "";
			projectRoot = "";
			targets = (
				61704DD51BAD605A00617704 /* iOS-Tech-Challenge */,
			);
		};
/* End PBXProject section */

/* Begin PBXResourcesBuildPhase section */
		61704DD41BAD605A00617704 /* Resources */ = {
			isa = PBXResourcesBuildPhase;
			buildActionMask = 2147483647;
			files = (
				610F653C1BAD8B250083CC61 /* QntView.xib in Resources */,
				61704E381BAD619400617704 /* logo.png in Resources */,
				61704E321BAD619400617704 /* 8.jpg in Resources */,
				61704E2C1BAD619400617704 /* 6.jpg in Resources */,
				61704DE91BAD605A00617704 /* LaunchScreen.storyboard in Resources */,
				61704E291BAD619400617704 /* 5.jpg in Resources */,
				61704E261BAD619400617704 /* 4.jpg in Resources */,
				61704E1D1BAD619400617704 /* 1.jpg in Resources */,
				61704E201BAD619400617704 /* 2.jpg in Resources */,
				61704E231BAD619400617704 /* 3.jpg in Resources */,
				61704E2F1BAD619400617704 /* 7.jpg in Resources */,
				61704E351BAD619400617704 /* 9.jpg in Resources */,
				61704DE61BAD605A00617704 /* Assets.xcassets in Resources */,
				61704DE41BAD605A00617704 /* Main.storyboard in Resources */,
			);
			runOnlyForDeploymentPostprocessing = 0;
		};
/* End PBXResourcesBuildPhase section */

/* Begin PBXShellScriptBuildPhase section */
		435A44045C002CF9E39EFDAF /* Copy Pods Resources */ = {
			isa = PBXShellScriptBuildPhase;
			buildActionMask = 2147483647;
			files = (
			);
			inputPaths = (
			);
			name = "Copy Pods Resources";
			outputPaths = (
			);
			runOnlyForDeploymentPostprocessing = 0;
			shellPath = /bin/sh;
			shellScript = "\"${SRCROOT}/Pods/Target Support Files/Pods/Pods-resources.sh\"\n";
			showEnvVarsInLog = 0;
		};
		9E1D64010D710BD4E0C65520 /* Check Pods Manifest.lock */ = {
			isa = PBXShellScriptBuildPhase;
			buildActionMask = 2147483647;
			files = (
			);
			inputPaths = (
			);
			name = "Check Pods Manifest.lock";
			outputPaths = (
			);
			runOnlyForDeploymentPostprocessing = 0;
			shellPath = /bin/sh;
			shellScript = "diff \"${PODS_ROOT}/../Podfile.lock\" \"${PODS_ROOT}/Manifest.lock\" > /dev/null\nif [[ $? != 0 ]] ; then\n    cat << EOM\nerror: The sandbox is not in sync with the Podfile.lock. Run 'pod install' or update your CocoaPods installation.\nEOM\n    exit 1\nfi\n";
			showEnvVarsInLog = 0;
		};
/* End PBXShellScriptBuildPhase section */

/* Begin PBXSourcesBuildPhase section */
		61704DD21BAD605A00617704 /* Sources */ = {
			isa = PBXSourcesBuildPhase;
			buildActionMask = 2147483647;
			files = (
				61704E0F1BAD607300617704 /* RNBlurredSideViewController.m in Sources */,
				61704E481BAD75F500617704 /* UUBar.m in Sources */,
				61704E4C1BAD75F500617704 /* UUColor.m in Sources */,
				61704E491BAD75F500617704 /* UUBarChart.m in Sources */,
				610F653A1BAD8A5F0083CC61 /* QntView.m in Sources */,
				61704E4D1BAD75F500617704 /* UULineChart.m in Sources */,
				61704DE11BAD605A00617704 /* ViewController.m in Sources */,
				61704DDE1BAD605A00617704 /* AppDelegate.m in Sources */,
				61704E4B1BAD75F500617704 /* UUChartLabel.m in Sources */,
				61704E4A1BAD75F500617704 /* UUChart.m in Sources */,
				61704DDB1BAD605A00617704 /* main.m in Sources */,
			);
			runOnlyForDeploymentPostprocessing = 0;
		};
/* End PBXSourcesBuildPhase section */

/* Begin PBXVariantGroup section */
		61704DE21BAD605A00617704 /* Main.storyboard */ = {
			isa = PBXVariantGroup;
			children = (
				61704DE31BAD605A00617704 /* Base */,
			);
			name = Main.storyboard;
			sourceTree = "<group>";
		};
		61704DE71BAD605A00617704 /* LaunchScreen.storyboard */ = {
			isa = PBXVariantGroup;
			children = (
				61704DE81BAD605A00617704 /* Base */,
			);
			name = LaunchScreen.storyboard;
			sourceTree = "<group>";
		};
/* End PBXVariantGroup section */

/* Begin XCBuildConfiguration section */
		61704E011BAD605A00617704 /* Debug */ = {
			isa = XCBuildConfiguration;
			buildSettings = {
				ALWAYS_SEARCH_USER_PATHS = NO;
				CLANG_CXX_LANGUAGE_STANDARD = "gnu++0x";
				CLANG_CXX_LIBRARY = "libc++";
				CLANG_ENABLE_MODULES = YES;
				CLANG_ENABLE_OBJC_ARC = YES;
				CLANG_WARN_BOOL_CONVERSION = YES;
				CLANG_WARN_CONSTANT_CONVERSION = YES;
				CLANG_WARN_DIRECT_OBJC_ISA_USAGE = YES_ERROR;
				CLANG_WARN_EMPTY_BODY = YES;
				CLANG_WARN_ENUM_CONVERSION = YES;
				CLANG_WARN_INT_CONVERSION = YES;
				CLANG_WARN_OBJC_ROOT_CLASS = YES_ERROR;
				CLANG_WARN_UNREACHABLE_CODE = YES;
				CLANG_WARN__DUPLICATE_METHOD_MATCH = YES;
				"CODE_SIGN_IDENTITY[sdk=iphoneos*]" = "iPhone Developer";
				COPY_PHASE_STRIP = NO;
				DEBUG_INFORMATION_FORMAT = dwarf;
				ENABLE_STRICT_OBJC_MSGSEND = YES;
				ENABLE_TESTABILITY = YES;
				GCC_C_LANGUAGE_STANDARD = gnu99;
				GCC_DYNAMIC_NO_PIC = NO;
				GCC_NO_COMMON_BLOCKS = YES;
				GCC_OPTIMIZATION_LEVEL = 0;
				GCC_PREPROCESSOR_DEFINITIONS = (
					"DEBUG=1",
					"$(inherited)",
				);
				GCC_WARN_64_TO_32_BIT_CONVERSION = YES;
				GCC_WARN_ABOUT_RETURN_TYPE = YES_ERROR;
				GCC_WARN_UNDECLARED_SELECTOR = YES;
				GCC_WARN_UNINITIALIZED_AUTOS = YES_AGGRESSIVE;
				GCC_WARN_UNUSED_FUNCTION = YES;
				GCC_WARN_UNUSED_VARIABLE = YES;
				IPHONEOS_DEPLOYMENT_TARGET = 8.0;
				MTL_ENABLE_DEBUG_INFO = YES;
				ONLY_ACTIVE_ARCH = YES;
				SDKROOT = iphoneos;
				TARGETED_DEVICE_FAMILY = 2;
			};
			name = Debug;
		};
		61704E021BAD605A00617704 /* Release */ = {
			isa = XCBuildConfiguration;
			buildSettings = {
				ALWAYS_SEARCH_USER_PATHS = NO;
				CLANG_CXX_LANGUAGE_STANDARD = "gnu++0x";
				CLANG_CXX_LIBRARY = "libc++";
				CLANG_ENABLE_MODULES = YES;
				CLANG_ENABLE_OBJC_ARC = YES;
				CLANG_WARN_BOOL_CONVERSION = YES;
				CLANG_WARN_CONSTANT_CONVERSION = YES;
				CLANG_WARN_DIRECT_OBJC_ISA_USAGE = YES_ERROR;
				CLANG_WARN_EMPTY_BODY = YES;
				CLANG_WARN_ENUM_CONVERSION = YES;
				CLANG_WARN_INT_CONVERSION = YES;
				CLANG_WARN_OBJC_ROOT_CLASS = YES_ERROR;
				CLANG_WARN_UNREACHABLE_CODE = YES;
				CLANG_WARN__DUPLICATE_METHOD_MATCH = YES;
				"CODE_SIGN_IDENTITY[sdk=iphoneos*]" = "iPhone Developer";
				COPY_PHASE_STRIP = NO;
				DEBUG_INFORMATION_FORMAT = "dwarf-with-dsym";
				ENABLE_NS_ASSERTIONS = NO;
				ENABLE_STRICT_OBJC_MSGSEND = YES;
				GCC_C_LANGUAGE_STANDARD = gnu99;
				GCC_NO_COMMON_BLOCKS = YES;
				GCC_WARN_64_TO_32_BIT_CONVERSION = YES;
				GCC_WARN_ABOUT_RETURN_TYPE = YES_ERROR;
				GCC_WARN_UNDECLARED_SELECTOR = YES;
				GCC_WARN_UNINITIALIZED_AUTOS = YES_AGGRESSIVE;
				GCC_WARN_UNUSED_FUNCTION = YES;
				GCC_WARN_UNUSED_VARIABLE = YES;
				IPHONEOS_DEPLOYMENT_TARGET = 8.0;
				MTL_ENABLE_DEBUG_INFO = NO;
				SDKROOT = iphoneos;
				TARGETED_DEVICE_FAMILY = 2;
				VALIDATE_PRODUCT = YES;
			};
			name = Release;
		};
		61704E041BAD605A00617704 /* Debug */ = {
			isa = XCBuildConfiguration;
			baseConfigurationReference = D2D0FB9F3FA752C7E234A5E8 /* Pods.debug.xcconfig */;
			buildSettings = {
				ASSETCATALOG_COMPILER_APPICON_NAME = AppIcon;
				INFOPLIST_FILE = "iOS-Tech-Challenge/Info.plist";
				IPHONEOS_DEPLOYMENT_TARGET = 8.0;
				LD_RUNPATH_SEARCH_PATHS = "$(inherited) @executable_path/Frameworks";
				PRODUCT_BUNDLE_IDENTIFIER = "com.yuaki.iOS-Tech-Challenge";
				PRODUCT_NAME = "$(TARGET_NAME)";
			};
			name = Debug;
		};
		61704E051BAD605A00617704 /* Release */ = {
			isa = XCBuildConfiguration;
			baseConfigurationReference = B603D15988D12116523EF210 /* Pods.release.xcconfig */;
			buildSettings = {
				ASSETCATALOG_COMPILER_APPICON_NAME = AppIcon;
				INFOPLIST_FILE = "iOS-Tech-Challenge/Info.plist";
				IPHONEOS_DEPLOYMENT_TARGET = 8.0;
				LD_RUNPATH_SEARCH_PATHS = "$(inherited) @executable_path/Frameworks";
				PRODUCT_BUNDLE_IDENTIFIER = "com.yuaki.iOS-Tech-Challenge";
				PRODUCT_NAME = "$(TARGET_NAME)";
			};
			name = Release;
		};
/* End XCBuildConfiguration section */

/* Begin XCConfigurationList section */
		61704DD11BAD605A00617704 /* Build configuration list for PBXProject "iOS-Tech-Challenge" */ = {
			isa = XCConfigurationList;
			buildConfigurations = (
				61704E011BAD605A00617704 /* Debug */,
				61704E021BAD605A00617704 /* Release */,
			);
			defaultConfigurationIsVisible = 0;
			defaultConfigurationName = Release;
		};
		61704E031BAD605A00617704 /* Build configuration list for PBXNativeTarget "iOS-Tech-Challenge" */ = {
			isa = XCConfigurationList;
			buildConfigurations = (
				61704E041BAD605A00617704 /* Debug */,
				61704E051BAD605A00617704 /* Release */,
			);
			defaultConfigurationIsVisible = 0;
			defaultConfigurationName = Release;
		};
/* End XCConfigurationList section */
	};
	rootObject = 61704DCE1BAD605A00617704 /* Project object */;
}
